
Microsoft Visual Studio Solution File, Format Version 12.00
# Visual Studio 15
VisualStudioVersion = 15.0.26510.0
MinimumVisualStudioVersion = 10.0.40219.1
Project("{9A19103F-16F7-4668-BE54-9A1E7A4F7556}") = "Engine", "Engine\Engine.csproj", "{CB52DFCB-1CFF-4266-8F6F-B13137F41B3C}"
EndProject
Project("{FAE04EC0-301F-11D3-BF4B-00C04F79EFBC}") = "Editor", "Editor\Editor.csproj", "{6890AB6B-AF41-4415-B3DC-D4E0BC14DD9A}"
EndProject
Project("{FAE04EC0-301F-11D3-BF4B-00C04F79EFBC}") = "Engine.WindowsForms.Controls", "Engine.WinForms.Controls\Engine.WindowsForms.Controls.csproj", "{3A33B0B3-5568-4D6D-A4DD-AE8E3D6B0571}"
EndProject
Project("{FAE04EC0-301F-11D3-BF4B-00C04F79EFBC}") = "Engine.WindowsForms", "Engine.WindowsForms\Engine.WindowsForms.csproj", "{17DE1EBB-0893-4216-AD76-47ABBBC47263}"
EndProject
Project("{9A19103F-16F7-4668-BE54-9A1E7A4F7556}") = "Engine.Misc", "Engine.Misc\Engine.Misc.csproj", "{8DA5DB0E-FD9A-46E3-9E62-D3DEE852B4C6}"
EndProject
Project("{9A19103F-16F7-4668-BE54-9A1E7A4F7556}") = "Engine.File", "Engine.File\Engine.File.csproj", "{5821B844-A2B5-4C36-AF6D-36ACAE4F17C5}"
EndProject
Project("{9A19103F-16F7-4668-BE54-9A1E7A4F7556}") = "Engine.Midi", "Engine.Midi\Engine.Midi.csproj", "{54E7CC91-2832-4B29-B5A5-F9FE058521DD}"
EndProject
Project("{FAE04EC0-301F-11D3-BF4B-00C04F79EFBC}") = "EditorMidiEvents", "EditorMidiEvents\EditorMidiEvents.csproj", "{E4555194-CA94-4605-9354-892E8712F4A2}"
EndProject
Project("{2150E333-8FDC-42A3-9474-1A3956D46DE8}") = "References", "References", "{FE3351E1-58B6-4887-A59E-32C116E0B333}"
	ProjectSection(SolutionItems) = preProject
		Conventions.md = Conventions.md
		LICENSE = LICENSE
		README.md = README.md
	EndProjectSection
EndProject
Project("{2150E333-8FDC-42A3-9474-1A3956D46DE8}") = "Documents", "Documents", "{71289543-2B43-4ADA-8B3F-5778086564E0}"
	ProjectSection(SolutionItems) = preProject
		Documents\Geometry.xlsx = Documents\Geometry.xlsx
		Documents\Primer.md = Documents\Primer.md
		Documents\Shapes.md = Documents\Shapes.md
		Documents\Skeletal Particle.svg = Documents\Skeletal Particle.svg
	EndProjectSection
EndProject
Project("{2150E333-8FDC-42A3-9474-1A3956D46DE8}") = "Reports", "Reports", "{C4ADA53B-F2A4-4411-A405-D16D0E506A2E}"
	ProjectSection(SolutionItems) = preProject
		Documents\Reports\Distance2D.md = Documents\Reports\Distance2D.md
		Documents\Reports\Interesting.md = Documents\Reports\Interesting.md
		Documents\Reports\LineIntersectionBool.md = Documents\Reports\LineIntersectionBool.md
		Documents\Reports\LineIntersectionPoint.md = Documents\Reports\LineIntersectionPoint.md
		Documents\Reports\Modulus.md = Documents\Reports\Modulus.md
		Documents\Reports\Template.md = Documents\Reports\Template.md
		Documents\Reports\WrapAngle.md = Documents\Reports\WrapAngle.md
	EndProjectSection
EndProject
Project("{FAE04EC0-301F-11D3-BF4B-00C04F79EFBC}") = "MethodTester", "MethodTester\MethodTester.csproj", "{25A36D7A-32DD-44BC-8FD8-3AB84147DE74}"
EndProject
Project("{FAE04EC0-301F-11D3-BF4B-00C04F79EFBC}") = "Engine.WindowsForms.Direct2D", "Engine.WindowsForms.Direct2D\Engine.WindowsForms.Direct2D.csproj", "{950FB6D1-3C3B-452E-9B61-3077CABE40D6}"
EndProject
Project("{2150E333-8FDC-42A3-9474-1A3956D46DE8}") = "Libraries", "Libraries", "{4392D8AA-9321-4BAA-BAED-30A90C39D757}"
EndProject
Project("{2150E333-8FDC-42A3-9474-1A3956D46DE8}") = "Editors", "Editors", "{E5C5A8D1-264E-44E6-81C6-E5441A394249}"
EndProject
Project("{FAE04EC0-301F-11D3-BF4B-00C04F79EFBC}") = "EngineTests", "EngineTests\EngineTests.csproj", "{C46FF65A-1EDC-4083-99C2-E9717A825D9E}"
EndProject
Global
	GlobalSection(SolutionConfigurationPlatforms) = preSolution
		Debug|Any CPU = Debug|Any CPU
		Debug|x64 = Debug|x64
		Debug|x86 = Debug|x86
		Release|Any CPU = Release|Any CPU
		Release|x64 = Release|x64
		Release|x86 = Release|x86
	EndGlobalSection
	GlobalSection(ProjectConfigurationPlatforms) = postSolution
		{CB52DFCB-1CFF-4266-8F6F-B13137F41B3C}.Debug|Any CPU.ActiveCfg = Debug|Any CPU
		{CB52DFCB-1CFF-4266-8F6F-B13137F41B3C}.Debug|Any CPU.Build.0 = Debug|Any CPU
		{CB52DFCB-1CFF-4266-8F6F-B13137F41B3C}.Debug|x64.ActiveCfg = Debug|x64
		{CB52DFCB-1CFF-4266-8F6F-B13137F41B3C}.Debug|x64.Build.0 = Debug|x64
		{CB52DFCB-1CFF-4266-8F6F-B13137F41B3C}.Debug|x86.ActiveCfg = Debug|x86
		{CB52DFCB-1CFF-4266-8F6F-B13137F41B3C}.Debug|x86.Build.0 = Debug|x86
		{CB52DFCB-1CFF-4266-8F6F-B13137F41B3C}.Release|Any CPU.ActiveCfg = Release|Any CPU
		{CB52DFCB-1CFF-4266-8F6F-B13137F41B3C}.Release|Any CPU.Build.0 = Release|Any CPU
		{CB52DFCB-1CFF-4266-8F6F-B13137F41B3C}.Release|x64.ActiveCfg = Release|x64
		{CB52DFCB-1CFF-4266-8F6F-B13137F41B3C}.Release|x64.Build.0 = Release|x64
		{CB52DFCB-1CFF-4266-8F6F-B13137F41B3C}.Release|x86.ActiveCfg = Release|x86
		{CB52DFCB-1CFF-4266-8F6F-B13137F41B3C}.Release|x86.Build.0 = Release|x86
		{6890AB6B-AF41-4415-B3DC-D4E0BC14DD9A}.Debug|Any CPU.ActiveCfg = Debug|Any CPU
		{6890AB6B-AF41-4415-B3DC-D4E0BC14DD9A}.Debug|Any CPU.Build.0 = Debug|Any CPU
		{6890AB6B-AF41-4415-B3DC-D4E0BC14DD9A}.Debug|x64.ActiveCfg = Debug|x64
		{6890AB6B-AF41-4415-B3DC-D4E0BC14DD9A}.Debug|x64.Build.0 = Debug|x64
		{6890AB6B-AF41-4415-B3DC-D4E0BC14DD9A}.Debug|x86.ActiveCfg = Debug|x86
		{6890AB6B-AF41-4415-B3DC-D4E0BC14DD9A}.Debug|x86.Build.0 = Debug|x86
		{6890AB6B-AF41-4415-B3DC-D4E0BC14DD9A}.Release|Any CPU.ActiveCfg = Release|Any CPU
		{6890AB6B-AF41-4415-B3DC-D4E0BC14DD9A}.Release|Any CPU.Build.0 = Release|Any CPU
		{6890AB6B-AF41-4415-B3DC-D4E0BC14DD9A}.Release|x64.ActiveCfg = Release|x64
		{6890AB6B-AF41-4415-B3DC-D4E0BC14DD9A}.Release|x64.Build.0 = Release|x64
		{6890AB6B-AF41-4415-B3DC-D4E0BC14DD9A}.Release|x86.ActiveCfg = Release|x86
		{6890AB6B-AF41-4415-B3DC-D4E0BC14DD9A}.Release|x86.Build.0 = Release|x86
		{3A33B0B3-5568-4D6D-A4DD-AE8E3D6B0571}.Debug|Any CPU.ActiveCfg = Debug|Any CPU
		{3A33B0B3-5568-4D6D-A4DD-AE8E3D6B0571}.Debug|Any CPU.Build.0 = Debug|Any CPU
		{3A33B0B3-5568-4D6D-A4DD-AE8E3D6B0571}.Debug|x64.ActiveCfg = Debug|x64
		{3A33B0B3-5568-4D6D-A4DD-AE8E3D6B0571}.Debug|x64.Build.0 = Debug|x64
		{3A33B0B3-5568-4D6D-A4DD-AE8E3D6B0571}.Debug|x86.ActiveCfg = Debug|x86
		{3A33B0B3-5568-4D6D-A4DD-AE8E3D6B0571}.Debug|x86.Build.0 = Debug|x86
		{3A33B0B3-5568-4D6D-A4DD-AE8E3D6B0571}.Release|Any CPU.ActiveCfg = Release|Any CPU
		{3A33B0B3-5568-4D6D-A4DD-AE8E3D6B0571}.Release|Any CPU.Build.0 = Release|Any CPU
		{3A33B0B3-5568-4D6D-A4DD-AE8E3D6B0571}.Release|x64.ActiveCfg = Release|x64
		{3A33B0B3-5568-4D6D-A4DD-AE8E3D6B0571}.Release|x64.Build.0 = Release|x64
		{3A33B0B3-5568-4D6D-A4DD-AE8E3D6B0571}.Release|x86.ActiveCfg = Release|x86
		{3A33B0B3-5568-4D6D-A4DD-AE8E3D6B0571}.Release|x86.Build.0 = Release|x86
		{17DE1EBB-0893-4216-AD76-47ABBBC47263}.Debug|Any CPU.ActiveCfg = Debug|Any CPU
		{17DE1EBB-0893-4216-AD76-47ABBBC47263}.Debug|Any CPU.Build.0 = Debug|Any CPU
		{17DE1EBB-0893-4216-AD76-47ABBBC47263}.Debug|x64.ActiveCfg = Debug|x64
		{17DE1EBB-0893-4216-AD76-47ABBBC47263}.Debug|x64.Build.0 = Debug|x64
		{17DE1EBB-0893-4216-AD76-47ABBBC47263}.Debug|x86.ActiveCfg = Debug|x86
		{17DE1EBB-0893-4216-AD76-47ABBBC47263}.Debug|x86.Build.0 = Debug|x86
		{17DE1EBB-0893-4216-AD76-47ABBBC47263}.Release|Any CPU.ActiveCfg = Release|Any CPU
		{17DE1EBB-0893-4216-AD76-47ABBBC47263}.Release|Any CPU.Build.0 = Release|Any CPU
		{17DE1EBB-0893-4216-AD76-47ABBBC47263}.Release|x64.ActiveCfg = Release|x64
		{17DE1EBB-0893-4216-AD76-47ABBBC47263}.Release|x64.Build.0 = Release|x64
		{17DE1EBB-0893-4216-AD76-47ABBBC47263}.Release|x86.ActiveCfg = Release|x86
		{17DE1EBB-0893-4216-AD76-47ABBBC47263}.Release|x86.Build.0 = Release|x86
		{8DA5DB0E-FD9A-46E3-9E62-D3DEE852B4C6}.Debug|Any CPU.ActiveCfg = Debug|Any CPU
		{8DA5DB0E-FD9A-46E3-9E62-D3DEE852B4C6}.Debug|Any CPU.Build.0 = Debug|Any CPU
		{8DA5DB0E-FD9A-46E3-9E62-D3DEE852B4C6}.Debug|x64.ActiveCfg = Debug|x64
		{8DA5DB0E-FD9A-46E3-9E62-D3DEE852B4C6}.Debug|x64.Build.0 = Debug|x64
		{8DA5DB0E-FD9A-46E3-9E62-D3DEE852B4C6}.Debug|x86.ActiveCfg = Debug|x86
		{8DA5DB0E-FD9A-46E3-9E62-D3DEE852B4C6}.Debug|x86.Build.0 = Debug|x86
		{8DA5DB0E-FD9A-46E3-9E62-D3DEE852B4C6}.Release|Any CPU.ActiveCfg = Release|Any CPU
		{8DA5DB0E-FD9A-46E3-9E62-D3DEE852B4C6}.Release|Any CPU.Build.0 = Release|Any CPU
		{8DA5DB0E-FD9A-46E3-9E62-D3DEE852B4C6}.Release|x64.ActiveCfg = Release|x64
		{8DA5DB0E-FD9A-46E3-9E62-D3DEE852B4C6}.Release|x64.Build.0 = Release|x64
		{8DA5DB0E-FD9A-46E3-9E62-D3DEE852B4C6}.Release|x86.ActiveCfg = Release|x86
		{8DA5DB0E-FD9A-46E3-9E62-D3DEE852B4C6}.Release|x86.Build.0 = Release|x86
		{5821B844-A2B5-4C36-AF6D-36ACAE4F17C5}.Debug|Any CPU.ActiveCfg = Debug|Any CPU
		{5821B844-A2B5-4C36-AF6D-36ACAE4F17C5}.Debug|Any CPU.Build.0 = Debug|Any CPU
		{5821B844-A2B5-4C36-AF6D-36ACAE4F17C5}.Debug|x64.ActiveCfg = Debug|x64
		{5821B844-A2B5-4C36-AF6D-36ACAE4F17C5}.Debug|x64.Build.0 = Debug|x64
		{5821B844-A2B5-4C36-AF6D-36ACAE4F17C5}.Debug|x86.ActiveCfg = Debug|x86
		{5821B844-A2B5-4C36-AF6D-36ACAE4F17C5}.Debug|x86.Build.0 = Debug|x86
		{5821B844-A2B5-4C36-AF6D-36ACAE4F17C5}.Release|Any CPU.ActiveCfg = Release|Any CPU
		{5821B844-A2B5-4C36-AF6D-36ACAE4F17C5}.Release|Any CPU.Build.0 = Release|Any CPU
		{5821B844-A2B5-4C36-AF6D-36ACAE4F17C5}.Release|x64.ActiveCfg = Release|x64
		{5821B844-A2B5-4C36-AF6D-36ACAE4F17C5}.Release|x64.Build.0 = Release|x64
		{5821B844-A2B5-4C36-AF6D-36ACAE4F17C5}.Release|x86.ActiveCfg = Release|x86
		{5821B844-A2B5-4C36-AF6D-36ACAE4F17C5}.Release|x86.Build.0 = Release|x86
		{54E7CC91-2832-4B29-B5A5-F9FE058521DD}.Debug|Any CPU.ActiveCfg = Debug|Any CPU
		{54E7CC91-2832-4B29-B5A5-F9FE058521DD}.Debug|Any CPU.Build.0 = Debug|Any CPU
		{54E7CC91-2832-4B29-B5A5-F9FE058521DD}.Debug|x64.ActiveCfg = Debug|x64
		{54E7CC91-2832-4B29-B5A5-F9FE058521DD}.Debug|x64.Build.0 = Debug|x64
		{54E7CC91-2832-4B29-B5A5-F9FE058521DD}.Debug|x86.ActiveCfg = Debug|x86
		{54E7CC91-2832-4B29-B5A5-F9FE058521DD}.Debug|x86.Build.0 = Debug|x86
		{54E7CC91-2832-4B29-B5A5-F9FE058521DD}.Release|Any CPU.ActiveCfg = Release|Any CPU
		{54E7CC91-2832-4B29-B5A5-F9FE058521DD}.Release|Any CPU.Build.0 = Release|Any CPU
		{54E7CC91-2832-4B29-B5A5-F9FE058521DD}.Release|x64.ActiveCfg = Release|x64
		{54E7CC91-2832-4B29-B5A5-F9FE058521DD}.Release|x64.Build.0 = Release|x64
		{54E7CC91-2832-4B29-B5A5-F9FE058521DD}.Release|x86.ActiveCfg = Release|x86
		{54E7CC91-2832-4B29-B5A5-F9FE058521DD}.Release|x86.Build.0 = Release|x86
		{E4555194-CA94-4605-9354-892E8712F4A2}.Debug|Any CPU.ActiveCfg = Debug|Any CPU
		{E4555194-CA94-4605-9354-892E8712F4A2}.Debug|Any CPU.Build.0 = Debug|Any CPU
		{E4555194-CA94-4605-9354-892E8712F4A2}.Debug|x64.ActiveCfg = Debug|x64
		{E4555194-CA94-4605-9354-892E8712F4A2}.Debug|x64.Build.0 = Debug|x64
		{E4555194-CA94-4605-9354-892E8712F4A2}.Debug|x86.ActiveCfg = Debug|x86
		{E4555194-CA94-4605-9354-892E8712F4A2}.Debug|x86.Build.0 = Debug|x86
		{E4555194-CA94-4605-9354-892E8712F4A2}.Release|Any CPU.ActiveCfg = Release|Any CPU
		{E4555194-CA94-4605-9354-892E8712F4A2}.Release|Any CPU.Build.0 = Release|Any CPU
		{E4555194-CA94-4605-9354-892E8712F4A2}.Release|x64.ActiveCfg = Release|x64
		{E4555194-CA94-4605-9354-892E8712F4A2}.Release|x64.Build.0 = Release|x64
		{E4555194-CA94-4605-9354-892E8712F4A2}.Release|x86.ActiveCfg = Release|x86
		{E4555194-CA94-4605-9354-892E8712F4A2}.Release|x86.Build.0 = Release|x86
		{25A36D7A-32DD-44BC-8FD8-3AB84147DE74}.Debug|Any CPU.ActiveCfg = Debug|Any CPU
		{25A36D7A-32DD-44BC-8FD8-3AB84147DE74}.Debug|Any CPU.Build.0 = Debug|Any CPU
		{25A36D7A-32DD-44BC-8FD8-3AB84147DE74}.Debug|x64.ActiveCfg = Debug|x64
		{25A36D7A-32DD-44BC-8FD8-3AB84147DE74}.Debug|x64.Build.0 = Debug|x64
		{25A36D7A-32DD-44BC-8FD8-3AB84147DE74}.Debug|x86.ActiveCfg = Debug|x86
		{25A36D7A-32DD-44BC-8FD8-3AB84147DE74}.Debug|x86.Build.0 = Debug|x86
		{25A36D7A-32DD-44BC-8FD8-3AB84147DE74}.Release|Any CPU.ActiveCfg = Release|Any CPU
		{25A36D7A-32DD-44BC-8FD8-3AB84147DE74}.Release|Any CPU.Build.0 = Release|Any CPU
		{25A36D7A-32DD-44BC-8FD8-3AB84147DE74}.Release|x64.ActiveCfg = Release|x64
		{25A36D7A-32DD-44BC-8FD8-3AB84147DE74}.Release|x64.Build.0 = Release|x64
		{25A36D7A-32DD-44BC-8FD8-3AB84147DE74}.Release|x86.ActiveCfg = Release|x86
		{25A36D7A-32DD-44BC-8FD8-3AB84147DE74}.Release|x86.Build.0 = Release|x86
		{950FB6D1-3C3B-452E-9B61-3077CABE40D6}.Debug|Any CPU.ActiveCfg = Debug|Any CPU
		{950FB6D1-3C3B-452E-9B61-3077CABE40D6}.Debug|Any CPU.Build.0 = Debug|Any CPU
		{950FB6D1-3C3B-452E-9B61-3077CABE40D6}.Debug|x64.ActiveCfg = Debug|Any CPU
		{950FB6D1-3C3B-452E-9B61-3077CABE40D6}.Debug|x64.Build.0 = Debug|Any CPU
		{950FB6D1-3C3B-452E-9B61-3077CABE40D6}.Debug|x86.ActiveCfg = Debug|Any CPU
		{950FB6D1-3C3B-452E-9B61-3077CABE40D6}.Debug|x86.Build.0 = Debug|Any CPU
		{950FB6D1-3C3B-452E-9B61-3077CABE40D6}.Release|Any CPU.ActiveCfg = Release|Any CPU
		{950FB6D1-3C3B-452E-9B61-3077CABE40D6}.Release|Any CPU.Build.0 = Release|Any CPU
		{950FB6D1-3C3B-452E-9B61-3077CABE40D6}.Release|x64.ActiveCfg = Release|Any CPU
		{950FB6D1-3C3B-452E-9B61-3077CABE40D6}.Release|x64.Build.0 = Release|Any CPU
		{950FB6D1-3C3B-452E-9B61-3077CABE40D6}.Release|x86.ActiveCfg = Release|Any CPU
		{950FB6D1-3C3B-452E-9B61-3077CABE40D6}.Release|x86.Build.0 = Release|Any CPU
		{C46FF65A-1EDC-4083-99C2-E9717A825D9E}.Debug|Any CPU.ActiveCfg = Debug|Any CPU
		{C46FF65A-1EDC-4083-99C2-E9717A825D9E}.Debug|Any CPU.Build.0 = Debug|Any CPU
		{C46FF65A-1EDC-4083-99C2-E9717A825D9E}.Debug|x64.ActiveCfg = Debug|x64
		{C46FF65A-1EDC-4083-99C2-E9717A825D9E}.Debug|x64.Build.0 = Debug|x64
		{C46FF65A-1EDC-4083-99C2-E9717A825D9E}.Debug|x86.ActiveCfg = Debug|x86
		{C46FF65A-1EDC-4083-99C2-E9717A825D9E}.Debug|x86.Build.0 = Debug|x86
		{C46FF65A-1EDC-4083-99C2-E9717A825D9E}.Release|Any CPU.ActiveCfg = Release|Any CPU
		{C46FF65A-1EDC-4083-99C2-E9717A825D9E}.Release|Any CPU.Build.0 = Release|Any CPU
		{C46FF65A-1EDC-4083-99C2-E9717A825D9E}.Release|x64.ActiveCfg = Release|x64
		{C46FF65A-1EDC-4083-99C2-E9717A825D9E}.Release|x64.Build.0 = Release|x64
		{C46FF65A-1EDC-4083-99C2-E9717A825D9E}.Release|x86.ActiveCfg = Release|x86
		{C46FF65A-1EDC-4083-99C2-E9717A825D9E}.Release|x86.Build.0 = Release|x86
	EndGlobalSection
	GlobalSection(SolutionProperties) = preSolution
		HideSolutionNode = FALSE
	EndGlobalSection
	GlobalSection(NestedProjects) = preSolution
		{CB52DFCB-1CFF-4266-8F6F-B13137F41B3C} = {4392D8AA-9321-4BAA-BAED-30A90C39D757}
		{6890AB6B-AF41-4415-B3DC-D4E0BC14DD9A} = {E5C5A8D1-264E-44E6-81C6-E5441A394249}
		{3A33B0B3-5568-4D6D-A4DD-AE8E3D6B0571} = {4392D8AA-9321-4BAA-BAED-30A90C39D757}
		{17DE1EBB-0893-4216-AD76-47ABBBC47263} = {4392D8AA-9321-4BAA-BAED-30A90C39D757}
		{8DA5DB0E-FD9A-46E3-9E62-D3DEE852B4C6} = {4392D8AA-9321-4BAA-BAED-30A90C39D757}
		{5821B844-A2B5-4C36-AF6D-36ACAE4F17C5} = {4392D8AA-9321-4BAA-BAED-30A90C39D757}
		{54E7CC91-2832-4B29-B5A5-F9FE058521DD} = {4392D8AA-9321-4BAA-BAED-30A90C39D757}
		{E4555194-CA94-4605-9354-892E8712F4A2} = {E5C5A8D1-264E-44E6-81C6-E5441A394249}
		{71289543-2B43-4ADA-8B3F-5778086564E0} = {FE3351E1-58B6-4887-A59E-32C116E0B333}
		{C4ADA53B-F2A4-4411-A405-D16D0E506A2E} = {71289543-2B43-4ADA-8B3F-5778086564E0}
		{25A36D7A-32DD-44BC-8FD8-3AB84147DE74} = {E5C5A8D1-264E-44E6-81C6-E5441A394249}
		{950FB6D1-3C3B-452E-9B61-3077CABE40D6} = {4392D8AA-9321-4BAA-BAED-30A90C39D757}
	EndGlobalSection
EndGlobal
