
Microsoft Visual Studio Solution File, Format Version 12.00
# Visual Studio 15
VisualStudioVersion = 15.0.27128.1
MinimumVisualStudioVersion = 10.0.40219.1
Project("{FAE04EC0-301F-11D3-BF4B-00C04F79EFBC}") = "Editor", "Editor\Editor.csproj", "{B263858B-B22F-4F1E-A326-7F79ACE09156}"
EndProject
Project("{9A19103F-16F7-4668-BE54-9A1E7A4F7556}") = "Engine", "Engine\Engine.csproj", "{32553305-DDB2-4FD1-B359-8EBD8587BD6F}"
EndProject
Project("{FAE04EC0-301F-11D3-BF4B-00C04F79EFBC}") = "Engine.WindowsForms", "Engine.WindowsForms\Engine.WindowsForms.csproj", "{3A89B55C-8D51-46A4-86CA-825C28958DFD}"
EndProject
Project("{FAE04EC0-301F-11D3-BF4B-00C04F79EFBC}") = "Engine.WindowsForms.Controls", "Engine.WindowsForms.Controls\Engine.WindowsForms.Controls.csproj", "{059AB8BE-2690-4104-9D5E-6F25972D89F9}"
EndProject
Project("{9A19103F-16F7-4668-BE54-9A1E7A4F7556}") = "Engine.Midi", "Engine.Midi\Engine.Midi.csproj", "{928573A5-3E62-4132-8E0B-F05235BBEDC7}"
EndProject
Project("{FAE04EC0-301F-11D3-BF4B-00C04F79EFBC}") = "Editor.Midi", "Editor.Midi\Editor.Midi.csproj", "{4906A81E-7FD1-4072-94E4-544E9539451A}"
EndProject
Project("{FAE04EC0-301F-11D3-BF4B-00C04F79EFBC}") = "EngineTests", "EngineTests\EngineTests.csproj", "{25B0E0E8-D5AC-4072-B8F7-9002DE7EA359}"
EndProject
Project("{9A19103F-16F7-4668-BE54-9A1E7A4F7556}") = "Engine.File", "Engine.File\Engine.File.csproj", "{4C4DA771-9467-484F-BBB7-75860C3E7697}"
EndProject
Project("{9A19103F-16F7-4668-BE54-9A1E7A4F7556}") = "Engine.Misc", "Engine.Misc\Engine.Misc.csproj", "{87132739-8056-447A-A25D-7ACF85A8BFED}"
EndProject
Project("{FAE04EC0-301F-11D3-BF4B-00C04F79EFBC}") = "Engine.WindowsForms.Direct2D", "Engine.WindowsForms.Direct2D\Engine.WindowsForms.Direct2D.csproj", "{79DE1E55-937E-40DB-9EE3-EA3D5CC2A4E8}"
EndProject
Project("{FAE04EC0-301F-11D3-BF4B-00C04F79EFBC}") = "MethodTester", "MethodTester\MethodTester.csproj", "{41EDC6F4-1DBD-4890-8389-7C51FFF887EF}"
EndProject
Project("{2150E333-8FDC-42A3-9474-1A3956D46DE8}") = "Editors", "Editors", "{D49C6D22-94F7-4BDB-BE81-6E40CA01FBEE}"
EndProject
Project("{2150E333-8FDC-42A3-9474-1A3956D46DE8}") = "Libraries", "Libraries", "{56F8CF9F-E0B7-428F-BCE3-2D747C5BA920}"
EndProject
Project("{2150E333-8FDC-42A3-9474-1A3956D46DE8}") = "Testing", "Testing", "{B0964909-C198-4748-A478-5D50A668F8F6}"
EndProject
Project("{2150E333-8FDC-42A3-9474-1A3956D46DE8}") = "Documents", "Documents", "{D6E00A6B-7C10-44A7-8A1C-C23D8CEE0916}"
	ProjectSection(SolutionItems) = preProject
		.gitattributes = .gitattributes
		.gitignore = .gitignore
		Conventions.md = Conventions.md
		LICENSE = LICENSE
		README.md = README.md
	EndProjectSection
EndProject
Project("{2150E333-8FDC-42A3-9474-1A3956D46DE8}") = "References", "References", "{B8050EC6-6A4A-491D-BFB6-DBD152D993F9}"
	ProjectSection(SolutionItems) = preProject
		Documents\Geometry.xlsx = Documents\Geometry.xlsx
		Documents\InteractionMethods.md = Documents\InteractionMethods.md
		Documents\Interactivity.svg = Documents\Interactivity.svg
		Documents\OrderOfExpense.md = Documents\OrderOfExpense.md
		Documents\Primer.md = Documents\Primer.md
		Documents\Shapes.md = Documents\Shapes.md
		Documents\Skeletal Particle.svg = Documents\Skeletal Particle.svg
		Documents\test.svg = Documents\test.svg
		Documents\test1.svg = Documents\test1.svg
	EndProjectSection
EndProject
Project("{2150E333-8FDC-42A3-9474-1A3956D46DE8}") = "Reports", "Reports", "{5438FC85-B9D6-43E8-991C-5769A7218730}"
	ProjectSection(SolutionItems) = preProject
		Documents\Reports\Distance2D.md = Documents\Reports\Distance2D.md
		Documents\Reports\Interesting.md = Documents\Reports\Interesting.md
		Documents\Reports\LineIntersectionBool.md = Documents\Reports\LineIntersectionBool.md
		Documents\Reports\LineIntersectionPoint.md = Documents\Reports\LineIntersectionPoint.md
		Documents\Reports\Modulus.md = Documents\Reports\Modulus.md
		Documents\Reports\Template.md = Documents\Reports\Template.md
		Documents\Reports\WrapAngle.md = Documents\Reports\WrapAngle.md
	EndProjectSection
EndProject
Project("{FAE04EC0-301F-11D3-BF4B-00C04F79EFBC}") = "Engine.Experimental", "Engine.Experimental\Engine.Experimental.csproj", "{10C8EF71-CC3D-4E11-B4EC-01E43CB47936}"
EndProject
Global
	GlobalSection(SolutionConfigurationPlatforms) = preSolution
		Debug|Any CPU = Debug|Any CPU
		Debug|x64 = Debug|x64
		Debug|x86 = Debug|x86
		Release|Any CPU = Release|Any CPU
		Release|x64 = Release|x64
		Release|x86 = Release|x86
	EndGlobalSection
	GlobalSection(ProjectConfigurationPlatforms) = postSolution
		{B263858B-B22F-4F1E-A326-7F79ACE09156}.Debug|Any CPU.ActiveCfg = Debug|Any CPU
		{B263858B-B22F-4F1E-A326-7F79ACE09156}.Debug|Any CPU.Build.0 = Debug|Any CPU
		{B263858B-B22F-4F1E-A326-7F79ACE09156}.Debug|x64.ActiveCfg = Debug|x64
		{B263858B-B22F-4F1E-A326-7F79ACE09156}.Debug|x64.Build.0 = Debug|x64
		{B263858B-B22F-4F1E-A326-7F79ACE09156}.Debug|x86.ActiveCfg = Debug|x86
		{B263858B-B22F-4F1E-A326-7F79ACE09156}.Debug|x86.Build.0 = Debug|x86
		{B263858B-B22F-4F1E-A326-7F79ACE09156}.Release|Any CPU.ActiveCfg = Release|Any CPU
		{B263858B-B22F-4F1E-A326-7F79ACE09156}.Release|Any CPU.Build.0 = Release|Any CPU
		{B263858B-B22F-4F1E-A326-7F79ACE09156}.Release|x64.ActiveCfg = Release|x64
		{B263858B-B22F-4F1E-A326-7F79ACE09156}.Release|x64.Build.0 = Release|x64
		{B263858B-B22F-4F1E-A326-7F79ACE09156}.Release|x86.ActiveCfg = Release|x86
		{B263858B-B22F-4F1E-A326-7F79ACE09156}.Release|x86.Build.0 = Release|x86
		{32553305-DDB2-4FD1-B359-8EBD8587BD6F}.Debug|Any CPU.ActiveCfg = Debug|Any CPU
		{32553305-DDB2-4FD1-B359-8EBD8587BD6F}.Debug|Any CPU.Build.0 = Debug|Any CPU
		{32553305-DDB2-4FD1-B359-8EBD8587BD6F}.Debug|x64.ActiveCfg = Debug|x64
		{32553305-DDB2-4FD1-B359-8EBD8587BD6F}.Debug|x64.Build.0 = Debug|x64
		{32553305-DDB2-4FD1-B359-8EBD8587BD6F}.Debug|x86.ActiveCfg = Debug|x86
		{32553305-DDB2-4FD1-B359-8EBD8587BD6F}.Debug|x86.Build.0 = Debug|x86
		{32553305-DDB2-4FD1-B359-8EBD8587BD6F}.Release|Any CPU.ActiveCfg = Release|Any CPU
		{32553305-DDB2-4FD1-B359-8EBD8587BD6F}.Release|Any CPU.Build.0 = Release|Any CPU
		{32553305-DDB2-4FD1-B359-8EBD8587BD6F}.Release|x64.ActiveCfg = Release|x64
		{32553305-DDB2-4FD1-B359-8EBD8587BD6F}.Release|x64.Build.0 = Release|x64
		{32553305-DDB2-4FD1-B359-8EBD8587BD6F}.Release|x86.ActiveCfg = Release|x86
		{32553305-DDB2-4FD1-B359-8EBD8587BD6F}.Release|x86.Build.0 = Release|x86
		{3A89B55C-8D51-46A4-86CA-825C28958DFD}.Debug|Any CPU.ActiveCfg = Debug|Any CPU
		{3A89B55C-8D51-46A4-86CA-825C28958DFD}.Debug|Any CPU.Build.0 = Debug|Any CPU
		{3A89B55C-8D51-46A4-86CA-825C28958DFD}.Debug|x64.ActiveCfg = Debug|x64
		{3A89B55C-8D51-46A4-86CA-825C28958DFD}.Debug|x64.Build.0 = Debug|x64
		{3A89B55C-8D51-46A4-86CA-825C28958DFD}.Debug|x86.ActiveCfg = Debug|x86
		{3A89B55C-8D51-46A4-86CA-825C28958DFD}.Debug|x86.Build.0 = Debug|x86
		{3A89B55C-8D51-46A4-86CA-825C28958DFD}.Release|Any CPU.ActiveCfg = Release|Any CPU
		{3A89B55C-8D51-46A4-86CA-825C28958DFD}.Release|Any CPU.Build.0 = Release|Any CPU
		{3A89B55C-8D51-46A4-86CA-825C28958DFD}.Release|x64.ActiveCfg = Release|x64
		{3A89B55C-8D51-46A4-86CA-825C28958DFD}.Release|x64.Build.0 = Release|x64
		{3A89B55C-8D51-46A4-86CA-825C28958DFD}.Release|x86.ActiveCfg = Release|x86
		{3A89B55C-8D51-46A4-86CA-825C28958DFD}.Release|x86.Build.0 = Release|x86
		{059AB8BE-2690-4104-9D5E-6F25972D89F9}.Debug|Any CPU.ActiveCfg = Debug|Any CPU
		{059AB8BE-2690-4104-9D5E-6F25972D89F9}.Debug|Any CPU.Build.0 = Debug|Any CPU
		{059AB8BE-2690-4104-9D5E-6F25972D89F9}.Debug|x64.ActiveCfg = Debug|x64
		{059AB8BE-2690-4104-9D5E-6F25972D89F9}.Debug|x64.Build.0 = Debug|x64
		{059AB8BE-2690-4104-9D5E-6F25972D89F9}.Debug|x86.ActiveCfg = Debug|x86
		{059AB8BE-2690-4104-9D5E-6F25972D89F9}.Debug|x86.Build.0 = Debug|x86
		{059AB8BE-2690-4104-9D5E-6F25972D89F9}.Release|Any CPU.ActiveCfg = Release|Any CPU
		{059AB8BE-2690-4104-9D5E-6F25972D89F9}.Release|Any CPU.Build.0 = Release|Any CPU
		{059AB8BE-2690-4104-9D5E-6F25972D89F9}.Release|x64.ActiveCfg = Release|x64
		{059AB8BE-2690-4104-9D5E-6F25972D89F9}.Release|x64.Build.0 = Release|x64
		{059AB8BE-2690-4104-9D5E-6F25972D89F9}.Release|x86.ActiveCfg = Release|x86
		{059AB8BE-2690-4104-9D5E-6F25972D89F9}.Release|x86.Build.0 = Release|x86
		{928573A5-3E62-4132-8E0B-F05235BBEDC7}.Debug|Any CPU.ActiveCfg = Debug|Any CPU
		{928573A5-3E62-4132-8E0B-F05235BBEDC7}.Debug|Any CPU.Build.0 = Debug|Any CPU
		{928573A5-3E62-4132-8E0B-F05235BBEDC7}.Debug|x64.ActiveCfg = Debug|x64
		{928573A5-3E62-4132-8E0B-F05235BBEDC7}.Debug|x64.Build.0 = Debug|x64
		{928573A5-3E62-4132-8E0B-F05235BBEDC7}.Debug|x86.ActiveCfg = Debug|x86
		{928573A5-3E62-4132-8E0B-F05235BBEDC7}.Debug|x86.Build.0 = Debug|x86
		{928573A5-3E62-4132-8E0B-F05235BBEDC7}.Release|Any CPU.ActiveCfg = Release|Any CPU
		{928573A5-3E62-4132-8E0B-F05235BBEDC7}.Release|Any CPU.Build.0 = Release|Any CPU
		{928573A5-3E62-4132-8E0B-F05235BBEDC7}.Release|x64.ActiveCfg = Release|x64
		{928573A5-3E62-4132-8E0B-F05235BBEDC7}.Release|x64.Build.0 = Release|x64
		{928573A5-3E62-4132-8E0B-F05235BBEDC7}.Release|x86.ActiveCfg = Release|x86
		{928573A5-3E62-4132-8E0B-F05235BBEDC7}.Release|x86.Build.0 = Release|x86
		{4906A81E-7FD1-4072-94E4-544E9539451A}.Debug|Any CPU.ActiveCfg = Debug|Any CPU
		{4906A81E-7FD1-4072-94E4-544E9539451A}.Debug|Any CPU.Build.0 = Debug|Any CPU
		{4906A81E-7FD1-4072-94E4-544E9539451A}.Debug|x64.ActiveCfg = Debug|x64
		{4906A81E-7FD1-4072-94E4-544E9539451A}.Debug|x64.Build.0 = Debug|x64
		{4906A81E-7FD1-4072-94E4-544E9539451A}.Debug|x86.ActiveCfg = Debug|x86
		{4906A81E-7FD1-4072-94E4-544E9539451A}.Debug|x86.Build.0 = Debug|x86
		{4906A81E-7FD1-4072-94E4-544E9539451A}.Release|Any CPU.ActiveCfg = Release|Any CPU
		{4906A81E-7FD1-4072-94E4-544E9539451A}.Release|Any CPU.Build.0 = Release|Any CPU
		{4906A81E-7FD1-4072-94E4-544E9539451A}.Release|x64.ActiveCfg = Release|x64
		{4906A81E-7FD1-4072-94E4-544E9539451A}.Release|x64.Build.0 = Release|x64
		{4906A81E-7FD1-4072-94E4-544E9539451A}.Release|x86.ActiveCfg = Release|x86
		{4906A81E-7FD1-4072-94E4-544E9539451A}.Release|x86.Build.0 = Release|x86
		{25B0E0E8-D5AC-4072-B8F7-9002DE7EA359}.Debug|Any CPU.ActiveCfg = Debug|Any CPU
		{25B0E0E8-D5AC-4072-B8F7-9002DE7EA359}.Debug|Any CPU.Build.0 = Debug|Any CPU
		{25B0E0E8-D5AC-4072-B8F7-9002DE7EA359}.Debug|x64.ActiveCfg = Debug|x64
		{25B0E0E8-D5AC-4072-B8F7-9002DE7EA359}.Debug|x64.Build.0 = Debug|x64
		{25B0E0E8-D5AC-4072-B8F7-9002DE7EA359}.Debug|x86.ActiveCfg = Debug|x86
		{25B0E0E8-D5AC-4072-B8F7-9002DE7EA359}.Debug|x86.Build.0 = Debug|x86
		{25B0E0E8-D5AC-4072-B8F7-9002DE7EA359}.Release|Any CPU.ActiveCfg = Release|Any CPU
		{25B0E0E8-D5AC-4072-B8F7-9002DE7EA359}.Release|Any CPU.Build.0 = Release|Any CPU
		{25B0E0E8-D5AC-4072-B8F7-9002DE7EA359}.Release|x64.ActiveCfg = Release|x64
		{25B0E0E8-D5AC-4072-B8F7-9002DE7EA359}.Release|x64.Build.0 = Release|x64
		{25B0E0E8-D5AC-4072-B8F7-9002DE7EA359}.Release|x86.ActiveCfg = Release|x86
		{25B0E0E8-D5AC-4072-B8F7-9002DE7EA359}.Release|x86.Build.0 = Release|x86
		{4C4DA771-9467-484F-BBB7-75860C3E7697}.Debug|Any CPU.ActiveCfg = Debug|Any CPU
		{4C4DA771-9467-484F-BBB7-75860C3E7697}.Debug|Any CPU.Build.0 = Debug|Any CPU
		{4C4DA771-9467-484F-BBB7-75860C3E7697}.Debug|x64.ActiveCfg = Debug|x64
		{4C4DA771-9467-484F-BBB7-75860C3E7697}.Debug|x64.Build.0 = Debug|x64
		{4C4DA771-9467-484F-BBB7-75860C3E7697}.Debug|x86.ActiveCfg = Debug|x86
		{4C4DA771-9467-484F-BBB7-75860C3E7697}.Debug|x86.Build.0 = Debug|x86
		{4C4DA771-9467-484F-BBB7-75860C3E7697}.Release|Any CPU.ActiveCfg = Release|Any CPU
		{4C4DA771-9467-484F-BBB7-75860C3E7697}.Release|Any CPU.Build.0 = Release|Any CPU
		{4C4DA771-9467-484F-BBB7-75860C3E7697}.Release|x64.ActiveCfg = Release|x64
		{4C4DA771-9467-484F-BBB7-75860C3E7697}.Release|x64.Build.0 = Release|x64
		{4C4DA771-9467-484F-BBB7-75860C3E7697}.Release|x86.ActiveCfg = Release|x86
		{4C4DA771-9467-484F-BBB7-75860C3E7697}.Release|x86.Build.0 = Release|x86
		{87132739-8056-447A-A25D-7ACF85A8BFED}.Debug|Any CPU.ActiveCfg = Debug|Any CPU
		{87132739-8056-447A-A25D-7ACF85A8BFED}.Debug|Any CPU.Build.0 = Debug|Any CPU
		{87132739-8056-447A-A25D-7ACF85A8BFED}.Debug|x64.ActiveCfg = Debug|x64
		{87132739-8056-447A-A25D-7ACF85A8BFED}.Debug|x64.Build.0 = Debug|x64
		{87132739-8056-447A-A25D-7ACF85A8BFED}.Debug|x86.ActiveCfg = Debug|x86
		{87132739-8056-447A-A25D-7ACF85A8BFED}.Debug|x86.Build.0 = Debug|x86
		{87132739-8056-447A-A25D-7ACF85A8BFED}.Release|Any CPU.ActiveCfg = Release|Any CPU
		{87132739-8056-447A-A25D-7ACF85A8BFED}.Release|Any CPU.Build.0 = Release|Any CPU
		{87132739-8056-447A-A25D-7ACF85A8BFED}.Release|x64.ActiveCfg = Release|x64
		{87132739-8056-447A-A25D-7ACF85A8BFED}.Release|x64.Build.0 = Release|x64
		{87132739-8056-447A-A25D-7ACF85A8BFED}.Release|x86.ActiveCfg = Release|x86
		{87132739-8056-447A-A25D-7ACF85A8BFED}.Release|x86.Build.0 = Release|x86
		{79DE1E55-937E-40DB-9EE3-EA3D5CC2A4E8}.Debug|Any CPU.ActiveCfg = Debug|Any CPU
		{79DE1E55-937E-40DB-9EE3-EA3D5CC2A4E8}.Debug|Any CPU.Build.0 = Debug|Any CPU
		{79DE1E55-937E-40DB-9EE3-EA3D5CC2A4E8}.Debug|x64.ActiveCfg = Debug|x64
		{79DE1E55-937E-40DB-9EE3-EA3D5CC2A4E8}.Debug|x64.Build.0 = Debug|x64
		{79DE1E55-937E-40DB-9EE3-EA3D5CC2A4E8}.Debug|x86.ActiveCfg = Debug|x86
		{79DE1E55-937E-40DB-9EE3-EA3D5CC2A4E8}.Debug|x86.Build.0 = Debug|x86
		{79DE1E55-937E-40DB-9EE3-EA3D5CC2A4E8}.Release|Any CPU.ActiveCfg = Release|Any CPU
		{79DE1E55-937E-40DB-9EE3-EA3D5CC2A4E8}.Release|Any CPU.Build.0 = Release|Any CPU
		{79DE1E55-937E-40DB-9EE3-EA3D5CC2A4E8}.Release|x64.ActiveCfg = Release|x64
		{79DE1E55-937E-40DB-9EE3-EA3D5CC2A4E8}.Release|x64.Build.0 = Release|x64
		{79DE1E55-937E-40DB-9EE3-EA3D5CC2A4E8}.Release|x86.ActiveCfg = Release|x86
		{79DE1E55-937E-40DB-9EE3-EA3D5CC2A4E8}.Release|x86.Build.0 = Release|x86
		{41EDC6F4-1DBD-4890-8389-7C51FFF887EF}.Debug|Any CPU.ActiveCfg = Debug|Any CPU
		{41EDC6F4-1DBD-4890-8389-7C51FFF887EF}.Debug|Any CPU.Build.0 = Debug|Any CPU
		{41EDC6F4-1DBD-4890-8389-7C51FFF887EF}.Debug|x64.ActiveCfg = Debug|x64
		{41EDC6F4-1DBD-4890-8389-7C51FFF887EF}.Debug|x64.Build.0 = Debug|x64
		{41EDC6F4-1DBD-4890-8389-7C51FFF887EF}.Debug|x86.ActiveCfg = Debug|x86
		{41EDC6F4-1DBD-4890-8389-7C51FFF887EF}.Debug|x86.Build.0 = Debug|x86
		{41EDC6F4-1DBD-4890-8389-7C51FFF887EF}.Release|Any CPU.ActiveCfg = Release|Any CPU
		{41EDC6F4-1DBD-4890-8389-7C51FFF887EF}.Release|Any CPU.Build.0 = Release|Any CPU
		{41EDC6F4-1DBD-4890-8389-7C51FFF887EF}.Release|x64.ActiveCfg = Release|x64
		{41EDC6F4-1DBD-4890-8389-7C51FFF887EF}.Release|x64.Build.0 = Release|x64
		{41EDC6F4-1DBD-4890-8389-7C51FFF887EF}.Release|x86.ActiveCfg = Release|x86
		{41EDC6F4-1DBD-4890-8389-7C51FFF887EF}.Release|x86.Build.0 = Release|x86
		{10C8EF71-CC3D-4E11-B4EC-01E43CB47936}.Debug|Any CPU.ActiveCfg = Debug|Any CPU
		{10C8EF71-CC3D-4E11-B4EC-01E43CB47936}.Debug|Any CPU.Build.0 = Debug|Any CPU
		{10C8EF71-CC3D-4E11-B4EC-01E43CB47936}.Debug|x64.ActiveCfg = Debug|x64
		{10C8EF71-CC3D-4E11-B4EC-01E43CB47936}.Debug|x64.Build.0 = Debug|x64
		{10C8EF71-CC3D-4E11-B4EC-01E43CB47936}.Debug|x86.ActiveCfg = Debug|x86
		{10C8EF71-CC3D-4E11-B4EC-01E43CB47936}.Debug|x86.Build.0 = Debug|x86
		{10C8EF71-CC3D-4E11-B4EC-01E43CB47936}.Release|Any CPU.ActiveCfg = Release|Any CPU
		{10C8EF71-CC3D-4E11-B4EC-01E43CB47936}.Release|Any CPU.Build.0 = Release|Any CPU
		{10C8EF71-CC3D-4E11-B4EC-01E43CB47936}.Release|x64.ActiveCfg = Release|x64
		{10C8EF71-CC3D-4E11-B4EC-01E43CB47936}.Release|x64.Build.0 = Release|x64
		{10C8EF71-CC3D-4E11-B4EC-01E43CB47936}.Release|x86.ActiveCfg = Release|x86
		{10C8EF71-CC3D-4E11-B4EC-01E43CB47936}.Release|x86.Build.0 = Release|x86
	EndGlobalSection
	GlobalSection(SolutionProperties) = preSolution
		HideSolutionNode = FALSE
	EndGlobalSection
	GlobalSection(NestedProjects) = preSolution
		{B263858B-B22F-4F1E-A326-7F79ACE09156} = {D49C6D22-94F7-4BDB-BE81-6E40CA01FBEE}
		{32553305-DDB2-4FD1-B359-8EBD8587BD6F} = {56F8CF9F-E0B7-428F-BCE3-2D747C5BA920}
		{3A89B55C-8D51-46A4-86CA-825C28958DFD} = {56F8CF9F-E0B7-428F-BCE3-2D747C5BA920}
		{059AB8BE-2690-4104-9D5E-6F25972D89F9} = {56F8CF9F-E0B7-428F-BCE3-2D747C5BA920}
		{928573A5-3E62-4132-8E0B-F05235BBEDC7} = {56F8CF9F-E0B7-428F-BCE3-2D747C5BA920}
		{4906A81E-7FD1-4072-94E4-544E9539451A} = {D49C6D22-94F7-4BDB-BE81-6E40CA01FBEE}
		{25B0E0E8-D5AC-4072-B8F7-9002DE7EA359} = {B0964909-C198-4748-A478-5D50A668F8F6}
		{4C4DA771-9467-484F-BBB7-75860C3E7697} = {56F8CF9F-E0B7-428F-BCE3-2D747C5BA920}
		{87132739-8056-447A-A25D-7ACF85A8BFED} = {56F8CF9F-E0B7-428F-BCE3-2D747C5BA920}
		{79DE1E55-937E-40DB-9EE3-EA3D5CC2A4E8} = {56F8CF9F-E0B7-428F-BCE3-2D747C5BA920}
		{41EDC6F4-1DBD-4890-8389-7C51FFF887EF} = {D49C6D22-94F7-4BDB-BE81-6E40CA01FBEE}
		{B8050EC6-6A4A-491D-BFB6-DBD152D993F9} = {D6E00A6B-7C10-44A7-8A1C-C23D8CEE0916}
		{5438FC85-B9D6-43E8-991C-5769A7218730} = {B8050EC6-6A4A-491D-BFB6-DBD152D993F9}
		{10C8EF71-CC3D-4E11-B4EC-01E43CB47936} = {56F8CF9F-E0B7-428F-BCE3-2D747C5BA920}
	EndGlobalSection
	GlobalSection(ExtensibilityGlobals) = postSolution
		SolutionGuid = {E15A533C-659E-4173-979C-09B7802DE077}
	EndGlobalSection
EndGlobal
