
Microsoft Visual Studio Solution File, Format Version 12.00
# Visual Studio Version 16
VisualStudioVersion = 16.0.28315.86
MinimumVisualStudioVersion = 10.0.40219.1
Project("{9A19103F-16F7-4668-BE54-9A1E7A4F7556}") = "Editor.WindowsForms", "Editor.WindowsForms\Editor.WindowsForms.csproj", "{B263858B-B22F-4F1E-A326-7F79ACE09156}"
EndProject
Project("{9A19103F-16F7-4668-BE54-9A1E7A4F7556}") = "Editor.Midi", "Editor.Midi\Editor.Midi.csproj", "{4906A81E-7FD1-4072-94E4-544E9539451A}"
EndProject
Project("{9A19103F-16F7-4668-BE54-9A1E7A4F7556}") = "Engine.WindowsForms", "Engine.WindowsForms\Engine.WindowsForms.csproj", "{3A89B55C-8D51-46A4-86CA-825C28958DFD}"
EndProject
Project("{9A19103F-16F7-4668-BE54-9A1E7A4F7556}") = "Engine.File", "Engine.File\Engine.File.csproj", "{4C4DA771-9467-484F-BBB7-75860C3E7697}"
EndProject
Project("{9A19103F-16F7-4668-BE54-9A1E7A4F7556}") = "Engine.Midi", "Engine.Midi\Engine.Midi.csproj", "{928573A5-3E62-4132-8E0B-F05235BBEDC7}"
EndProject
Project("{9A19103F-16F7-4668-BE54-9A1E7A4F7556}") = "Engine.WindowsForms.Controls", "Engine.WindowsForms.Controls\Engine.WindowsForms.Controls.csproj", "{059AB8BE-2690-4104-9D5E-6F25972D89F9}"
EndProject
Project("{9A19103F-16F7-4668-BE54-9A1E7A4F7556}") = "EngineTests", "EngineTests\EngineTests.csproj", "{25B0E0E8-D5AC-4072-B8F7-9002DE7EA359}"
	ProjectSection(ProjectDependencies) = postProject
		{4C4DA771-9467-484F-BBB7-75860C3E7697} = {4C4DA771-9467-484F-BBB7-75860C3E7697}
		{928573A5-3E62-4132-8E0B-F05235BBEDC7} = {928573A5-3E62-4132-8E0B-F05235BBEDC7}
	EndProjectSection
EndProject
Project("{9A19103F-16F7-4668-BE54-9A1E7A4F7556}") = "Engine.WindowsForms.Direct2D", "Engine.WindowsForms.Direct2D\Engine.WindowsForms.Direct2D.csproj", "{79DE1E55-937E-40DB-9EE3-EA3D5CC2A4E8}"
	ProjectSection(ProjectDependencies) = postProject
		{4C4DA771-9467-484F-BBB7-75860C3E7697} = {4C4DA771-9467-484F-BBB7-75860C3E7697}
		{928573A5-3E62-4132-8E0B-F05235BBEDC7} = {928573A5-3E62-4132-8E0B-F05235BBEDC7}
	EndProjectSection
EndProject
Project("{9A19103F-16F7-4668-BE54-9A1E7A4F7556}") = "MethodTester", "MethodTester\MethodTester.csproj", "{41EDC6F4-1DBD-4890-8389-7C51FFF887EF}"
EndProject
Project("{2150E333-8FDC-42A3-9474-1A3956D46DE8}") = "Editors", "Editors", "{D49C6D22-94F7-4BDB-BE81-6E40CA01FBEE}"
EndProject
Project("{2150E333-8FDC-42A3-9474-1A3956D46DE8}") = "Libraries", "Libraries", "{56F8CF9F-E0B7-428F-BCE3-2D747C5BA920}"
EndProject
Project("{2150E333-8FDC-42A3-9474-1A3956D46DE8}") = "Testing", "Testing", "{B0964909-C198-4748-A478-5D50A668F8F6}"
EndProject
Project("{2150E333-8FDC-42A3-9474-1A3956D46DE8}") = "References", "References", "{B8050EC6-6A4A-491D-BFB6-DBD152D993F9}"
	ProjectSection(SolutionItems) = preProject
		Documents\Geometry.xlsx = Documents\Geometry.xlsx
		Documents\InteractionMethods.md = Documents\InteractionMethods.md
		Documents\Interactivity.svg = Documents\Interactivity.svg
		Documents\Skeletal Particle.svg = Documents\Skeletal Particle.svg
		Documents\test.svg = Documents\test.svg
		Documents\test1.svg = Documents\test1.svg
	EndProjectSection
EndProject
Project("{9A19103F-16F7-4668-BE54-9A1E7A4F7556}") = "Engine.Experimental", "Engine.Experimental\Engine.Experimental.csproj", "{10C8EF71-CC3D-4E11-B4EC-01E43CB47936}"
EndProject
Project("{9A19103F-16F7-4668-BE54-9A1E7A4F7556}") = "Engine.Geometry", "Engine.Geometry\Engine.Geometry.csproj", "{CC0F6635-2A7B-4B43-B612-13AFCCDAECE3}"
EndProject
Project("{9A19103F-16F7-4668-BE54-9A1E7A4F7556}") = "Engine.Base", "Engine.Base\Engine.Base.csproj", "{8240B9DE-F6BF-417B-B399-B8E9114EC2E1}"
EndProject
Project("{9A19103F-16F7-4668-BE54-9A1E7A4F7556}") = "Engine.Bitmap", "Engine.Bitmap\Engine.Bitmap.csproj", "{663369AD-095C-4D3E-838D-6BD3BA15CF52}"
EndProject
Project("{9A19103F-16F7-4668-BE54-9A1E7A4F7556}") = "Engine.Calendar", "Engine.Calendar\Engine.Calendar.csproj", "{BF48B27A-E89F-4083-A90E-8CC160C46C99}"
EndProject
Project("{9A19103F-16F7-4668-BE54-9A1E7A4F7556}") = "Engine.Chromatics", "Engine.Chromatics\Engine.Chromatics.csproj", "{AE81D88A-754A-44E6-A11D-7346530EA498}"
EndProject
Project("{9A19103F-16F7-4668-BE54-9A1E7A4F7556}") = "Engine.Dynamics", "Engine.Dynamics\Engine.Dynamics.csproj", "{F9316190-A1DF-4659-A963-AA2B1C37A794}"
EndProject
Project("{9A19103F-16F7-4668-BE54-9A1E7A4F7556}") = "Engine.Mathematics", "Engine.Mathematics\Engine.Mathematics.csproj", "{5DDE8F2C-1C00-41FC-835D-707C848C9231}"
EndProject
Project("{9A19103F-16F7-4668-BE54-9A1E7A4F7556}") = "Engine.Physics", "Engine.Physics\Engine.Physics.csproj", "{110C6D8D-2F7B-4457-B680-C6675F834CFD}"
EndProject
Project("{9A19103F-16F7-4668-BE54-9A1E7A4F7556}") = "Engine.Wav", "Engine.Wav\Engine.Wav.csproj", "{4285444D-B172-4948-892B-49F044EE2D95}"
EndProject
Project("{9A19103F-16F7-4668-BE54-9A1E7A4F7556}") = "Engine.Localization", "Engine.Localization\Engine.Localization.csproj", "{DF8451EF-642C-453D-833F-5F43D50EA9DA}"
EndProject
Project("{9A19103F-16F7-4668-BE54-9A1E7A4F7556}") = "Engine.WPF", "Engine.WPF\Engine.WPF.csproj", "{692ECF1C-31F8-4539-B76A-BD92252E5937}"
EndProject
Project("{9A19103F-16F7-4668-BE54-9A1E7A4F7556}") = "Editor.WPF", "Editor.WPF\Editor.WPF.csproj", "{F9E451A0-18D7-4D06-B746-6CE8E5D6596B}"
EndProject
Project("{2150E333-8FDC-42A3-9474-1A3956D46DE8}") = "Solution Items", "Solution Items", "{3FA96DF9-08D8-44C7-AE50-2B2506F12A3F}"
	ProjectSection(SolutionItems) = preProject
		.editorconfig = .editorconfig
		.gitattributes = .gitattributes
		.gitignore = .gitignore
		Architecture.md = Architecture.md
		Conventions.md = Conventions.md
		LICENSE = LICENSE
		README.md = README.md
		ToDo.md = ToDo.md
	EndProjectSection
EndProject
Project("{9A19103F-16F7-4668-BE54-9A1E7A4F7556}") = "Engine.Windows.Multimedia", "Engine.Windows.Multimedia\Engine.Windows.Multimedia.csproj", "{6C9FCC83-0AE6-417C-8A19-0B21B4A373C2}"
EndProject
Global
	GlobalSection(SolutionConfigurationPlatforms) = preSolution
		Debug|Any CPU = Debug|Any CPU
		Debug|x64 = Debug|x64
		Debug|x86 = Debug|x86
		Release|Any CPU = Release|Any CPU
		Release|x64 = Release|x64
		Release|x86 = Release|x86
	EndGlobalSection
	GlobalSection(ProjectConfigurationPlatforms) = postSolution
		{B263858B-B22F-4F1E-A326-7F79ACE09156}.Debug|Any CPU.ActiveCfg = Debug|Any CPU
		{B263858B-B22F-4F1E-A326-7F79ACE09156}.Debug|Any CPU.Build.0 = Debug|Any CPU
		{B263858B-B22F-4F1E-A326-7F79ACE09156}.Debug|x64.ActiveCfg = Debug|x64
		{B263858B-B22F-4F1E-A326-7F79ACE09156}.Debug|x64.Build.0 = Debug|x64
		{B263858B-B22F-4F1E-A326-7F79ACE09156}.Debug|x86.ActiveCfg = Debug|x86
		{B263858B-B22F-4F1E-A326-7F79ACE09156}.Debug|x86.Build.0 = Debug|x86
		{B263858B-B22F-4F1E-A326-7F79ACE09156}.Release|Any CPU.ActiveCfg = Release|Any CPU
		{B263858B-B22F-4F1E-A326-7F79ACE09156}.Release|Any CPU.Build.0 = Release|Any CPU
		{B263858B-B22F-4F1E-A326-7F79ACE09156}.Release|x64.ActiveCfg = Release|x64
		{B263858B-B22F-4F1E-A326-7F79ACE09156}.Release|x64.Build.0 = Release|x64
		{B263858B-B22F-4F1E-A326-7F79ACE09156}.Release|x86.ActiveCfg = Release|x86
		{B263858B-B22F-4F1E-A326-7F79ACE09156}.Release|x86.Build.0 = Release|x86
		{4906A81E-7FD1-4072-94E4-544E9539451A}.Debug|Any CPU.ActiveCfg = Debug|Any CPU
		{4906A81E-7FD1-4072-94E4-544E9539451A}.Debug|Any CPU.Build.0 = Debug|Any CPU
		{4906A81E-7FD1-4072-94E4-544E9539451A}.Debug|x64.ActiveCfg = Debug|x64
		{4906A81E-7FD1-4072-94E4-544E9539451A}.Debug|x64.Build.0 = Debug|x64
		{4906A81E-7FD1-4072-94E4-544E9539451A}.Debug|x86.ActiveCfg = Debug|x86
		{4906A81E-7FD1-4072-94E4-544E9539451A}.Debug|x86.Build.0 = Debug|x86
		{4906A81E-7FD1-4072-94E4-544E9539451A}.Release|Any CPU.ActiveCfg = Release|Any CPU
		{4906A81E-7FD1-4072-94E4-544E9539451A}.Release|Any CPU.Build.0 = Release|Any CPU
		{4906A81E-7FD1-4072-94E4-544E9539451A}.Release|x64.ActiveCfg = Release|x64
		{4906A81E-7FD1-4072-94E4-544E9539451A}.Release|x64.Build.0 = Release|x64
		{4906A81E-7FD1-4072-94E4-544E9539451A}.Release|x86.ActiveCfg = Release|x86
		{4906A81E-7FD1-4072-94E4-544E9539451A}.Release|x86.Build.0 = Release|x86
		{3A89B55C-8D51-46A4-86CA-825C28958DFD}.Debug|Any CPU.ActiveCfg = Debug|Any CPU
		{3A89B55C-8D51-46A4-86CA-825C28958DFD}.Debug|Any CPU.Build.0 = Debug|Any CPU
		{3A89B55C-8D51-46A4-86CA-825C28958DFD}.Debug|x64.ActiveCfg = Debug|x64
		{3A89B55C-8D51-46A4-86CA-825C28958DFD}.Debug|x64.Build.0 = Debug|x64
		{3A89B55C-8D51-46A4-86CA-825C28958DFD}.Debug|x86.ActiveCfg = Debug|x86
		{3A89B55C-8D51-46A4-86CA-825C28958DFD}.Debug|x86.Build.0 = Debug|x86
		{3A89B55C-8D51-46A4-86CA-825C28958DFD}.Release|Any CPU.ActiveCfg = Release|Any CPU
		{3A89B55C-8D51-46A4-86CA-825C28958DFD}.Release|Any CPU.Build.0 = Release|Any CPU
		{3A89B55C-8D51-46A4-86CA-825C28958DFD}.Release|x64.ActiveCfg = Release|x64
		{3A89B55C-8D51-46A4-86CA-825C28958DFD}.Release|x64.Build.0 = Release|x64
		{3A89B55C-8D51-46A4-86CA-825C28958DFD}.Release|x86.ActiveCfg = Release|x86
		{3A89B55C-8D51-46A4-86CA-825C28958DFD}.Release|x86.Build.0 = Release|x86
		{4C4DA771-9467-484F-BBB7-75860C3E7697}.Debug|Any CPU.ActiveCfg = Debug|Any CPU
		{4C4DA771-9467-484F-BBB7-75860C3E7697}.Debug|Any CPU.Build.0 = Debug|Any CPU
		{4C4DA771-9467-484F-BBB7-75860C3E7697}.Debug|x64.ActiveCfg = Debug|x64
		{4C4DA771-9467-484F-BBB7-75860C3E7697}.Debug|x64.Build.0 = Debug|x64
		{4C4DA771-9467-484F-BBB7-75860C3E7697}.Debug|x86.ActiveCfg = Debug|x86
		{4C4DA771-9467-484F-BBB7-75860C3E7697}.Debug|x86.Build.0 = Debug|x86
		{4C4DA771-9467-484F-BBB7-75860C3E7697}.Release|Any CPU.ActiveCfg = Release|Any CPU
		{4C4DA771-9467-484F-BBB7-75860C3E7697}.Release|Any CPU.Build.0 = Release|Any CPU
		{4C4DA771-9467-484F-BBB7-75860C3E7697}.Release|x64.ActiveCfg = Release|x64
		{4C4DA771-9467-484F-BBB7-75860C3E7697}.Release|x64.Build.0 = Release|x64
		{4C4DA771-9467-484F-BBB7-75860C3E7697}.Release|x86.ActiveCfg = Release|x86
		{4C4DA771-9467-484F-BBB7-75860C3E7697}.Release|x86.Build.0 = Release|x86
		{928573A5-3E62-4132-8E0B-F05235BBEDC7}.Debug|Any CPU.ActiveCfg = Debug|Any CPU
		{928573A5-3E62-4132-8E0B-F05235BBEDC7}.Debug|Any CPU.Build.0 = Debug|Any CPU
		{928573A5-3E62-4132-8E0B-F05235BBEDC7}.Debug|x64.ActiveCfg = Debug|x64
		{928573A5-3E62-4132-8E0B-F05235BBEDC7}.Debug|x64.Build.0 = Debug|x64
		{928573A5-3E62-4132-8E0B-F05235BBEDC7}.Debug|x86.ActiveCfg = Debug|x86
		{928573A5-3E62-4132-8E0B-F05235BBEDC7}.Debug|x86.Build.0 = Debug|x86
		{928573A5-3E62-4132-8E0B-F05235BBEDC7}.Release|Any CPU.ActiveCfg = Release|Any CPU
		{928573A5-3E62-4132-8E0B-F05235BBEDC7}.Release|Any CPU.Build.0 = Release|Any CPU
		{928573A5-3E62-4132-8E0B-F05235BBEDC7}.Release|x64.ActiveCfg = Release|x64
		{928573A5-3E62-4132-8E0B-F05235BBEDC7}.Release|x64.Build.0 = Release|x64
		{928573A5-3E62-4132-8E0B-F05235BBEDC7}.Release|x86.ActiveCfg = Release|x86
		{928573A5-3E62-4132-8E0B-F05235BBEDC7}.Release|x86.Build.0 = Release|x86
		{059AB8BE-2690-4104-9D5E-6F25972D89F9}.Debug|Any CPU.ActiveCfg = Debug|Any CPU
		{059AB8BE-2690-4104-9D5E-6F25972D89F9}.Debug|Any CPU.Build.0 = Debug|Any CPU
		{059AB8BE-2690-4104-9D5E-6F25972D89F9}.Debug|x64.ActiveCfg = Debug|x64
		{059AB8BE-2690-4104-9D5E-6F25972D89F9}.Debug|x64.Build.0 = Debug|x64
		{059AB8BE-2690-4104-9D5E-6F25972D89F9}.Debug|x86.ActiveCfg = Debug|x86
		{059AB8BE-2690-4104-9D5E-6F25972D89F9}.Debug|x86.Build.0 = Debug|x86
		{059AB8BE-2690-4104-9D5E-6F25972D89F9}.Release|Any CPU.ActiveCfg = Release|Any CPU
		{059AB8BE-2690-4104-9D5E-6F25972D89F9}.Release|Any CPU.Build.0 = Release|Any CPU
		{059AB8BE-2690-4104-9D5E-6F25972D89F9}.Release|x64.ActiveCfg = Release|x64
		{059AB8BE-2690-4104-9D5E-6F25972D89F9}.Release|x64.Build.0 = Release|x64
		{059AB8BE-2690-4104-9D5E-6F25972D89F9}.Release|x86.ActiveCfg = Release|x86
		{059AB8BE-2690-4104-9D5E-6F25972D89F9}.Release|x86.Build.0 = Release|x86
		{25B0E0E8-D5AC-4072-B8F7-9002DE7EA359}.Debug|Any CPU.ActiveCfg = Debug|Any CPU
		{25B0E0E8-D5AC-4072-B8F7-9002DE7EA359}.Debug|Any CPU.Build.0 = Debug|Any CPU
		{25B0E0E8-D5AC-4072-B8F7-9002DE7EA359}.Debug|x64.ActiveCfg = Debug|x64
		{25B0E0E8-D5AC-4072-B8F7-9002DE7EA359}.Debug|x64.Build.0 = Debug|x64
		{25B0E0E8-D5AC-4072-B8F7-9002DE7EA359}.Debug|x86.ActiveCfg = Debug|x86
		{25B0E0E8-D5AC-4072-B8F7-9002DE7EA359}.Debug|x86.Build.0 = Debug|x86
		{25B0E0E8-D5AC-4072-B8F7-9002DE7EA359}.Release|Any CPU.ActiveCfg = Release|Any CPU
		{25B0E0E8-D5AC-4072-B8F7-9002DE7EA359}.Release|Any CPU.Build.0 = Release|Any CPU
		{25B0E0E8-D5AC-4072-B8F7-9002DE7EA359}.Release|x64.ActiveCfg = Release|x64
		{25B0E0E8-D5AC-4072-B8F7-9002DE7EA359}.Release|x64.Build.0 = Release|x64
		{25B0E0E8-D5AC-4072-B8F7-9002DE7EA359}.Release|x86.ActiveCfg = Release|x86
		{25B0E0E8-D5AC-4072-B8F7-9002DE7EA359}.Release|x86.Build.0 = Release|x86
		{79DE1E55-937E-40DB-9EE3-EA3D5CC2A4E8}.Debug|Any CPU.ActiveCfg = Debug|Any CPU
		{79DE1E55-937E-40DB-9EE3-EA3D5CC2A4E8}.Debug|Any CPU.Build.0 = Debug|Any CPU
		{79DE1E55-937E-40DB-9EE3-EA3D5CC2A4E8}.Debug|x64.ActiveCfg = Debug|x64
		{79DE1E55-937E-40DB-9EE3-EA3D5CC2A4E8}.Debug|x64.Build.0 = Debug|x64
		{79DE1E55-937E-40DB-9EE3-EA3D5CC2A4E8}.Debug|x86.ActiveCfg = Debug|x86
		{79DE1E55-937E-40DB-9EE3-EA3D5CC2A4E8}.Debug|x86.Build.0 = Debug|x86
		{79DE1E55-937E-40DB-9EE3-EA3D5CC2A4E8}.Release|Any CPU.ActiveCfg = Release|Any CPU
		{79DE1E55-937E-40DB-9EE3-EA3D5CC2A4E8}.Release|Any CPU.Build.0 = Release|Any CPU
		{79DE1E55-937E-40DB-9EE3-EA3D5CC2A4E8}.Release|x64.ActiveCfg = Release|x64
		{79DE1E55-937E-40DB-9EE3-EA3D5CC2A4E8}.Release|x64.Build.0 = Release|x64
		{79DE1E55-937E-40DB-9EE3-EA3D5CC2A4E8}.Release|x86.ActiveCfg = Release|x86
		{79DE1E55-937E-40DB-9EE3-EA3D5CC2A4E8}.Release|x86.Build.0 = Release|x86
		{41EDC6F4-1DBD-4890-8389-7C51FFF887EF}.Debug|Any CPU.ActiveCfg = Debug|Any CPU
		{41EDC6F4-1DBD-4890-8389-7C51FFF887EF}.Debug|Any CPU.Build.0 = Debug|Any CPU
		{41EDC6F4-1DBD-4890-8389-7C51FFF887EF}.Debug|x64.ActiveCfg = Debug|x64
		{41EDC6F4-1DBD-4890-8389-7C51FFF887EF}.Debug|x64.Build.0 = Debug|x64
		{41EDC6F4-1DBD-4890-8389-7C51FFF887EF}.Debug|x86.ActiveCfg = Debug|x86
		{41EDC6F4-1DBD-4890-8389-7C51FFF887EF}.Debug|x86.Build.0 = Debug|x86
		{41EDC6F4-1DBD-4890-8389-7C51FFF887EF}.Release|Any CPU.ActiveCfg = Release|Any CPU
		{41EDC6F4-1DBD-4890-8389-7C51FFF887EF}.Release|Any CPU.Build.0 = Release|Any CPU
		{41EDC6F4-1DBD-4890-8389-7C51FFF887EF}.Release|x64.ActiveCfg = Release|x64
		{41EDC6F4-1DBD-4890-8389-7C51FFF887EF}.Release|x64.Build.0 = Release|x64
		{41EDC6F4-1DBD-4890-8389-7C51FFF887EF}.Release|x86.ActiveCfg = Release|x86
		{41EDC6F4-1DBD-4890-8389-7C51FFF887EF}.Release|x86.Build.0 = Release|x86
		{10C8EF71-CC3D-4E11-B4EC-01E43CB47936}.Debug|Any CPU.ActiveCfg = Debug|Any CPU
		{10C8EF71-CC3D-4E11-B4EC-01E43CB47936}.Debug|Any CPU.Build.0 = Debug|Any CPU
		{10C8EF71-CC3D-4E11-B4EC-01E43CB47936}.Debug|x64.ActiveCfg = Debug|x64
		{10C8EF71-CC3D-4E11-B4EC-01E43CB47936}.Debug|x64.Build.0 = Debug|x64
		{10C8EF71-CC3D-4E11-B4EC-01E43CB47936}.Debug|x86.ActiveCfg = Debug|x86
		{10C8EF71-CC3D-4E11-B4EC-01E43CB47936}.Debug|x86.Build.0 = Debug|x86
		{10C8EF71-CC3D-4E11-B4EC-01E43CB47936}.Release|Any CPU.ActiveCfg = Release|Any CPU
		{10C8EF71-CC3D-4E11-B4EC-01E43CB47936}.Release|Any CPU.Build.0 = Release|Any CPU
		{10C8EF71-CC3D-4E11-B4EC-01E43CB47936}.Release|x64.ActiveCfg = Release|x64
		{10C8EF71-CC3D-4E11-B4EC-01E43CB47936}.Release|x64.Build.0 = Release|x64
		{10C8EF71-CC3D-4E11-B4EC-01E43CB47936}.Release|x86.ActiveCfg = Release|x86
		{10C8EF71-CC3D-4E11-B4EC-01E43CB47936}.Release|x86.Build.0 = Release|x86
		{CC0F6635-2A7B-4B43-B612-13AFCCDAECE3}.Debug|Any CPU.ActiveCfg = Debug|Any CPU
		{CC0F6635-2A7B-4B43-B612-13AFCCDAECE3}.Debug|Any CPU.Build.0 = Debug|Any CPU
		{CC0F6635-2A7B-4B43-B612-13AFCCDAECE3}.Debug|x64.ActiveCfg = Debug|x64
		{CC0F6635-2A7B-4B43-B612-13AFCCDAECE3}.Debug|x64.Build.0 = Debug|x64
		{CC0F6635-2A7B-4B43-B612-13AFCCDAECE3}.Debug|x86.ActiveCfg = Debug|x86
		{CC0F6635-2A7B-4B43-B612-13AFCCDAECE3}.Debug|x86.Build.0 = Debug|x86
		{CC0F6635-2A7B-4B43-B612-13AFCCDAECE3}.Release|Any CPU.ActiveCfg = Release|Any CPU
		{CC0F6635-2A7B-4B43-B612-13AFCCDAECE3}.Release|Any CPU.Build.0 = Release|Any CPU
		{CC0F6635-2A7B-4B43-B612-13AFCCDAECE3}.Release|x64.ActiveCfg = Release|x64
		{CC0F6635-2A7B-4B43-B612-13AFCCDAECE3}.Release|x64.Build.0 = Release|x64
		{CC0F6635-2A7B-4B43-B612-13AFCCDAECE3}.Release|x86.ActiveCfg = Release|x86
		{CC0F6635-2A7B-4B43-B612-13AFCCDAECE3}.Release|x86.Build.0 = Release|x86
		{8240B9DE-F6BF-417B-B399-B8E9114EC2E1}.Debug|Any CPU.ActiveCfg = Debug|Any CPU
		{8240B9DE-F6BF-417B-B399-B8E9114EC2E1}.Debug|Any CPU.Build.0 = Debug|Any CPU
		{8240B9DE-F6BF-417B-B399-B8E9114EC2E1}.Debug|x64.ActiveCfg = Debug|x64
		{8240B9DE-F6BF-417B-B399-B8E9114EC2E1}.Debug|x64.Build.0 = Debug|x64
		{8240B9DE-F6BF-417B-B399-B8E9114EC2E1}.Debug|x86.ActiveCfg = Debug|x86
		{8240B9DE-F6BF-417B-B399-B8E9114EC2E1}.Debug|x86.Build.0 = Debug|x86
		{8240B9DE-F6BF-417B-B399-B8E9114EC2E1}.Release|Any CPU.ActiveCfg = Release|Any CPU
		{8240B9DE-F6BF-417B-B399-B8E9114EC2E1}.Release|Any CPU.Build.0 = Release|Any CPU
		{8240B9DE-F6BF-417B-B399-B8E9114EC2E1}.Release|x64.ActiveCfg = Release|x64
		{8240B9DE-F6BF-417B-B399-B8E9114EC2E1}.Release|x64.Build.0 = Release|x64
		{8240B9DE-F6BF-417B-B399-B8E9114EC2E1}.Release|x86.ActiveCfg = Release|x86
		{8240B9DE-F6BF-417B-B399-B8E9114EC2E1}.Release|x86.Build.0 = Release|x86
		{663369AD-095C-4D3E-838D-6BD3BA15CF52}.Debug|Any CPU.ActiveCfg = Debug|Any CPU
		{663369AD-095C-4D3E-838D-6BD3BA15CF52}.Debug|Any CPU.Build.0 = Debug|Any CPU
		{663369AD-095C-4D3E-838D-6BD3BA15CF52}.Debug|x64.ActiveCfg = Debug|x64
		{663369AD-095C-4D3E-838D-6BD3BA15CF52}.Debug|x64.Build.0 = Debug|x64
		{663369AD-095C-4D3E-838D-6BD3BA15CF52}.Debug|x86.ActiveCfg = Debug|x86
		{663369AD-095C-4D3E-838D-6BD3BA15CF52}.Debug|x86.Build.0 = Debug|x86
		{663369AD-095C-4D3E-838D-6BD3BA15CF52}.Release|Any CPU.ActiveCfg = Release|Any CPU
		{663369AD-095C-4D3E-838D-6BD3BA15CF52}.Release|Any CPU.Build.0 = Release|Any CPU
		{663369AD-095C-4D3E-838D-6BD3BA15CF52}.Release|x64.ActiveCfg = Release|x64
		{663369AD-095C-4D3E-838D-6BD3BA15CF52}.Release|x64.Build.0 = Release|x64
		{663369AD-095C-4D3E-838D-6BD3BA15CF52}.Release|x86.ActiveCfg = Release|x86
		{663369AD-095C-4D3E-838D-6BD3BA15CF52}.Release|x86.Build.0 = Release|x86
		{BF48B27A-E89F-4083-A90E-8CC160C46C99}.Debug|Any CPU.ActiveCfg = Debug|Any CPU
		{BF48B27A-E89F-4083-A90E-8CC160C46C99}.Debug|Any CPU.Build.0 = Debug|Any CPU
		{BF48B27A-E89F-4083-A90E-8CC160C46C99}.Debug|x64.ActiveCfg = Debug|x64
		{BF48B27A-E89F-4083-A90E-8CC160C46C99}.Debug|x64.Build.0 = Debug|x64
		{BF48B27A-E89F-4083-A90E-8CC160C46C99}.Debug|x86.ActiveCfg = Debug|x86
		{BF48B27A-E89F-4083-A90E-8CC160C46C99}.Debug|x86.Build.0 = Debug|x86
		{BF48B27A-E89F-4083-A90E-8CC160C46C99}.Release|Any CPU.ActiveCfg = Release|Any CPU
		{BF48B27A-E89F-4083-A90E-8CC160C46C99}.Release|Any CPU.Build.0 = Release|Any CPU
		{BF48B27A-E89F-4083-A90E-8CC160C46C99}.Release|x64.ActiveCfg = Release|x64
		{BF48B27A-E89F-4083-A90E-8CC160C46C99}.Release|x64.Build.0 = Release|x64
		{BF48B27A-E89F-4083-A90E-8CC160C46C99}.Release|x86.ActiveCfg = Release|x86
		{BF48B27A-E89F-4083-A90E-8CC160C46C99}.Release|x86.Build.0 = Release|x86
		{AE81D88A-754A-44E6-A11D-7346530EA498}.Debug|Any CPU.ActiveCfg = Debug|Any CPU
		{AE81D88A-754A-44E6-A11D-7346530EA498}.Debug|Any CPU.Build.0 = Debug|Any CPU
		{AE81D88A-754A-44E6-A11D-7346530EA498}.Debug|x64.ActiveCfg = Debug|x64
		{AE81D88A-754A-44E6-A11D-7346530EA498}.Debug|x64.Build.0 = Debug|x64
		{AE81D88A-754A-44E6-A11D-7346530EA498}.Debug|x86.ActiveCfg = Debug|x86
		{AE81D88A-754A-44E6-A11D-7346530EA498}.Debug|x86.Build.0 = Debug|x86
		{AE81D88A-754A-44E6-A11D-7346530EA498}.Release|Any CPU.ActiveCfg = Release|Any CPU
		{AE81D88A-754A-44E6-A11D-7346530EA498}.Release|Any CPU.Build.0 = Release|Any CPU
		{AE81D88A-754A-44E6-A11D-7346530EA498}.Release|x64.ActiveCfg = Release|x64
		{AE81D88A-754A-44E6-A11D-7346530EA498}.Release|x64.Build.0 = Release|x64
		{AE81D88A-754A-44E6-A11D-7346530EA498}.Release|x86.ActiveCfg = Release|x86
		{AE81D88A-754A-44E6-A11D-7346530EA498}.Release|x86.Build.0 = Release|x86
		{F9316190-A1DF-4659-A963-AA2B1C37A794}.Debug|Any CPU.ActiveCfg = Debug|Any CPU
		{F9316190-A1DF-4659-A963-AA2B1C37A794}.Debug|Any CPU.Build.0 = Debug|Any CPU
		{F9316190-A1DF-4659-A963-AA2B1C37A794}.Debug|x64.ActiveCfg = Debug|x64
		{F9316190-A1DF-4659-A963-AA2B1C37A794}.Debug|x64.Build.0 = Debug|x64
		{F9316190-A1DF-4659-A963-AA2B1C37A794}.Debug|x86.ActiveCfg = Debug|x86
		{F9316190-A1DF-4659-A963-AA2B1C37A794}.Debug|x86.Build.0 = Debug|x86
		{F9316190-A1DF-4659-A963-AA2B1C37A794}.Release|Any CPU.ActiveCfg = Release|Any CPU
		{F9316190-A1DF-4659-A963-AA2B1C37A794}.Release|Any CPU.Build.0 = Release|Any CPU
		{F9316190-A1DF-4659-A963-AA2B1C37A794}.Release|x64.ActiveCfg = Release|x64
		{F9316190-A1DF-4659-A963-AA2B1C37A794}.Release|x64.Build.0 = Release|x64
		{F9316190-A1DF-4659-A963-AA2B1C37A794}.Release|x86.ActiveCfg = Release|x86
		{F9316190-A1DF-4659-A963-AA2B1C37A794}.Release|x86.Build.0 = Release|x86
		{5DDE8F2C-1C00-41FC-835D-707C848C9231}.Debug|Any CPU.ActiveCfg = Debug|Any CPU
		{5DDE8F2C-1C00-41FC-835D-707C848C9231}.Debug|Any CPU.Build.0 = Debug|Any CPU
		{5DDE8F2C-1C00-41FC-835D-707C848C9231}.Debug|x64.ActiveCfg = Debug|x64
		{5DDE8F2C-1C00-41FC-835D-707C848C9231}.Debug|x64.Build.0 = Debug|x64
		{5DDE8F2C-1C00-41FC-835D-707C848C9231}.Debug|x86.ActiveCfg = Debug|x86
		{5DDE8F2C-1C00-41FC-835D-707C848C9231}.Debug|x86.Build.0 = Debug|x86
		{5DDE8F2C-1C00-41FC-835D-707C848C9231}.Release|Any CPU.ActiveCfg = Release|Any CPU
		{5DDE8F2C-1C00-41FC-835D-707C848C9231}.Release|Any CPU.Build.0 = Release|Any CPU
		{5DDE8F2C-1C00-41FC-835D-707C848C9231}.Release|x64.ActiveCfg = Release|x64
		{5DDE8F2C-1C00-41FC-835D-707C848C9231}.Release|x64.Build.0 = Release|x64
		{5DDE8F2C-1C00-41FC-835D-707C848C9231}.Release|x86.ActiveCfg = Release|x86
		{5DDE8F2C-1C00-41FC-835D-707C848C9231}.Release|x86.Build.0 = Release|x86
		{110C6D8D-2F7B-4457-B680-C6675F834CFD}.Debug|Any CPU.ActiveCfg = Debug|Any CPU
		{110C6D8D-2F7B-4457-B680-C6675F834CFD}.Debug|Any CPU.Build.0 = Debug|Any CPU
		{110C6D8D-2F7B-4457-B680-C6675F834CFD}.Debug|x64.ActiveCfg = Debug|x64
		{110C6D8D-2F7B-4457-B680-C6675F834CFD}.Debug|x64.Build.0 = Debug|x64
		{110C6D8D-2F7B-4457-B680-C6675F834CFD}.Debug|x86.ActiveCfg = Debug|x86
		{110C6D8D-2F7B-4457-B680-C6675F834CFD}.Debug|x86.Build.0 = Debug|x86
		{110C6D8D-2F7B-4457-B680-C6675F834CFD}.Release|Any CPU.ActiveCfg = Release|Any CPU
		{110C6D8D-2F7B-4457-B680-C6675F834CFD}.Release|Any CPU.Build.0 = Release|Any CPU
		{110C6D8D-2F7B-4457-B680-C6675F834CFD}.Release|x64.ActiveCfg = Release|x64
		{110C6D8D-2F7B-4457-B680-C6675F834CFD}.Release|x64.Build.0 = Release|x64
		{110C6D8D-2F7B-4457-B680-C6675F834CFD}.Release|x86.ActiveCfg = Release|x86
		{110C6D8D-2F7B-4457-B680-C6675F834CFD}.Release|x86.Build.0 = Release|x86
		{4285444D-B172-4948-892B-49F044EE2D95}.Debug|Any CPU.ActiveCfg = Debug|Any CPU
		{4285444D-B172-4948-892B-49F044EE2D95}.Debug|Any CPU.Build.0 = Debug|Any CPU
		{4285444D-B172-4948-892B-49F044EE2D95}.Debug|x64.ActiveCfg = Debug|x64
		{4285444D-B172-4948-892B-49F044EE2D95}.Debug|x64.Build.0 = Debug|x64
		{4285444D-B172-4948-892B-49F044EE2D95}.Debug|x86.ActiveCfg = Debug|x86
		{4285444D-B172-4948-892B-49F044EE2D95}.Debug|x86.Build.0 = Debug|x86
		{4285444D-B172-4948-892B-49F044EE2D95}.Release|Any CPU.ActiveCfg = Release|Any CPU
		{4285444D-B172-4948-892B-49F044EE2D95}.Release|Any CPU.Build.0 = Release|Any CPU
		{4285444D-B172-4948-892B-49F044EE2D95}.Release|x64.ActiveCfg = Release|x64
		{4285444D-B172-4948-892B-49F044EE2D95}.Release|x64.Build.0 = Release|x64
		{4285444D-B172-4948-892B-49F044EE2D95}.Release|x86.ActiveCfg = Release|x86
		{4285444D-B172-4948-892B-49F044EE2D95}.Release|x86.Build.0 = Release|x86
		{DF8451EF-642C-453D-833F-5F43D50EA9DA}.Debug|Any CPU.ActiveCfg = Debug|Any CPU
		{DF8451EF-642C-453D-833F-5F43D50EA9DA}.Debug|Any CPU.Build.0 = Debug|Any CPU
		{DF8451EF-642C-453D-833F-5F43D50EA9DA}.Debug|x64.ActiveCfg = Debug|x64
		{DF8451EF-642C-453D-833F-5F43D50EA9DA}.Debug|x64.Build.0 = Debug|x64
		{DF8451EF-642C-453D-833F-5F43D50EA9DA}.Debug|x86.ActiveCfg = Debug|x86
		{DF8451EF-642C-453D-833F-5F43D50EA9DA}.Debug|x86.Build.0 = Debug|x86
		{DF8451EF-642C-453D-833F-5F43D50EA9DA}.Release|Any CPU.ActiveCfg = Release|Any CPU
		{DF8451EF-642C-453D-833F-5F43D50EA9DA}.Release|Any CPU.Build.0 = Release|Any CPU
		{DF8451EF-642C-453D-833F-5F43D50EA9DA}.Release|x64.ActiveCfg = Release|x64
		{DF8451EF-642C-453D-833F-5F43D50EA9DA}.Release|x64.Build.0 = Release|x64
		{DF8451EF-642C-453D-833F-5F43D50EA9DA}.Release|x86.ActiveCfg = Release|x86
		{DF8451EF-642C-453D-833F-5F43D50EA9DA}.Release|x86.Build.0 = Release|x86
		{692ECF1C-31F8-4539-B76A-BD92252E5937}.Debug|Any CPU.ActiveCfg = Debug|Any CPU
		{692ECF1C-31F8-4539-B76A-BD92252E5937}.Debug|Any CPU.Build.0 = Debug|Any CPU
		{692ECF1C-31F8-4539-B76A-BD92252E5937}.Debug|x64.ActiveCfg = Debug|x64
		{692ECF1C-31F8-4539-B76A-BD92252E5937}.Debug|x64.Build.0 = Debug|x64
		{692ECF1C-31F8-4539-B76A-BD92252E5937}.Debug|x86.ActiveCfg = Debug|x86
		{692ECF1C-31F8-4539-B76A-BD92252E5937}.Debug|x86.Build.0 = Debug|x86
		{692ECF1C-31F8-4539-B76A-BD92252E5937}.Release|Any CPU.ActiveCfg = Release|Any CPU
		{692ECF1C-31F8-4539-B76A-BD92252E5937}.Release|Any CPU.Build.0 = Release|Any CPU
		{692ECF1C-31F8-4539-B76A-BD92252E5937}.Release|x64.ActiveCfg = Release|x64
		{692ECF1C-31F8-4539-B76A-BD92252E5937}.Release|x64.Build.0 = Release|x64
		{692ECF1C-31F8-4539-B76A-BD92252E5937}.Release|x86.ActiveCfg = Release|x86
		{692ECF1C-31F8-4539-B76A-BD92252E5937}.Release|x86.Build.0 = Release|x86
		{F9E451A0-18D7-4D06-B746-6CE8E5D6596B}.Debug|Any CPU.ActiveCfg = Debug|Any CPU
		{F9E451A0-18D7-4D06-B746-6CE8E5D6596B}.Debug|Any CPU.Build.0 = Debug|Any CPU
		{F9E451A0-18D7-4D06-B746-6CE8E5D6596B}.Debug|x64.ActiveCfg = Debug|x64
		{F9E451A0-18D7-4D06-B746-6CE8E5D6596B}.Debug|x64.Build.0 = Debug|x64
		{F9E451A0-18D7-4D06-B746-6CE8E5D6596B}.Debug|x86.ActiveCfg = Debug|x86
		{F9E451A0-18D7-4D06-B746-6CE8E5D6596B}.Debug|x86.Build.0 = Debug|x86
		{F9E451A0-18D7-4D06-B746-6CE8E5D6596B}.Release|Any CPU.ActiveCfg = Release|Any CPU
		{F9E451A0-18D7-4D06-B746-6CE8E5D6596B}.Release|Any CPU.Build.0 = Release|Any CPU
		{F9E451A0-18D7-4D06-B746-6CE8E5D6596B}.Release|x64.ActiveCfg = Release|x64
		{F9E451A0-18D7-4D06-B746-6CE8E5D6596B}.Release|x64.Build.0 = Release|x64
		{F9E451A0-18D7-4D06-B746-6CE8E5D6596B}.Release|x86.ActiveCfg = Release|x86
		{F9E451A0-18D7-4D06-B746-6CE8E5D6596B}.Release|x86.Build.0 = Release|x86
		{6C9FCC83-0AE6-417C-8A19-0B21B4A373C2}.Debug|Any CPU.ActiveCfg = Debug|Any CPU
		{6C9FCC83-0AE6-417C-8A19-0B21B4A373C2}.Debug|Any CPU.Build.0 = Debug|Any CPU
		{6C9FCC83-0AE6-417C-8A19-0B21B4A373C2}.Debug|x64.ActiveCfg = Debug|Any CPU
		{6C9FCC83-0AE6-417C-8A19-0B21B4A373C2}.Debug|x64.Build.0 = Debug|Any CPU
		{6C9FCC83-0AE6-417C-8A19-0B21B4A373C2}.Debug|x86.ActiveCfg = Debug|Any CPU
		{6C9FCC83-0AE6-417C-8A19-0B21B4A373C2}.Debug|x86.Build.0 = Debug|Any CPU
		{6C9FCC83-0AE6-417C-8A19-0B21B4A373C2}.Release|Any CPU.ActiveCfg = Release|Any CPU
		{6C9FCC83-0AE6-417C-8A19-0B21B4A373C2}.Release|Any CPU.Build.0 = Release|Any CPU
		{6C9FCC83-0AE6-417C-8A19-0B21B4A373C2}.Release|x64.ActiveCfg = Release|Any CPU
		{6C9FCC83-0AE6-417C-8A19-0B21B4A373C2}.Release|x64.Build.0 = Release|Any CPU
		{6C9FCC83-0AE6-417C-8A19-0B21B4A373C2}.Release|x86.ActiveCfg = Release|Any CPU
		{6C9FCC83-0AE6-417C-8A19-0B21B4A373C2}.Release|x86.Build.0 = Release|Any CPU
	EndGlobalSection
	GlobalSection(SolutionProperties) = preSolution
		HideSolutionNode = FALSE
	EndGlobalSection
	GlobalSection(NestedProjects) = preSolution
		{B263858B-B22F-4F1E-A326-7F79ACE09156} = {D49C6D22-94F7-4BDB-BE81-6E40CA01FBEE}
		{4906A81E-7FD1-4072-94E4-544E9539451A} = {D49C6D22-94F7-4BDB-BE81-6E40CA01FBEE}
		{3A89B55C-8D51-46A4-86CA-825C28958DFD} = {56F8CF9F-E0B7-428F-BCE3-2D747C5BA920}
		{4C4DA771-9467-484F-BBB7-75860C3E7697} = {56F8CF9F-E0B7-428F-BCE3-2D747C5BA920}
		{928573A5-3E62-4132-8E0B-F05235BBEDC7} = {56F8CF9F-E0B7-428F-BCE3-2D747C5BA920}
		{059AB8BE-2690-4104-9D5E-6F25972D89F9} = {56F8CF9F-E0B7-428F-BCE3-2D747C5BA920}
		{25B0E0E8-D5AC-4072-B8F7-9002DE7EA359} = {B0964909-C198-4748-A478-5D50A668F8F6}
		{79DE1E55-937E-40DB-9EE3-EA3D5CC2A4E8} = {56F8CF9F-E0B7-428F-BCE3-2D747C5BA920}
		{41EDC6F4-1DBD-4890-8389-7C51FFF887EF} = {D49C6D22-94F7-4BDB-BE81-6E40CA01FBEE}
		{B8050EC6-6A4A-491D-BFB6-DBD152D993F9} = {3FA96DF9-08D8-44C7-AE50-2B2506F12A3F}
		{10C8EF71-CC3D-4E11-B4EC-01E43CB47936} = {56F8CF9F-E0B7-428F-BCE3-2D747C5BA920}
		{CC0F6635-2A7B-4B43-B612-13AFCCDAECE3} = {56F8CF9F-E0B7-428F-BCE3-2D747C5BA920}
		{8240B9DE-F6BF-417B-B399-B8E9114EC2E1} = {56F8CF9F-E0B7-428F-BCE3-2D747C5BA920}
		{663369AD-095C-4D3E-838D-6BD3BA15CF52} = {56F8CF9F-E0B7-428F-BCE3-2D747C5BA920}
		{BF48B27A-E89F-4083-A90E-8CC160C46C99} = {56F8CF9F-E0B7-428F-BCE3-2D747C5BA920}
		{AE81D88A-754A-44E6-A11D-7346530EA498} = {56F8CF9F-E0B7-428F-BCE3-2D747C5BA920}
		{F9316190-A1DF-4659-A963-AA2B1C37A794} = {56F8CF9F-E0B7-428F-BCE3-2D747C5BA920}
		{5DDE8F2C-1C00-41FC-835D-707C848C9231} = {56F8CF9F-E0B7-428F-BCE3-2D747C5BA920}
		{110C6D8D-2F7B-4457-B680-C6675F834CFD} = {56F8CF9F-E0B7-428F-BCE3-2D747C5BA920}
		{4285444D-B172-4948-892B-49F044EE2D95} = {56F8CF9F-E0B7-428F-BCE3-2D747C5BA920}
		{DF8451EF-642C-453D-833F-5F43D50EA9DA} = {56F8CF9F-E0B7-428F-BCE3-2D747C5BA920}
		{692ECF1C-31F8-4539-B76A-BD92252E5937} = {56F8CF9F-E0B7-428F-BCE3-2D747C5BA920}
		{F9E451A0-18D7-4D06-B746-6CE8E5D6596B} = {D49C6D22-94F7-4BDB-BE81-6E40CA01FBEE}
		{6C9FCC83-0AE6-417C-8A19-0B21B4A373C2} = {56F8CF9F-E0B7-428F-BCE3-2D747C5BA920}
	EndGlobalSection
	GlobalSection(ExtensibilityGlobals) = postSolution
		SolutionGuid = {E15A533C-659E-4173-979C-09B7802DE077}
	EndGlobalSection
EndGlobal
