
Microsoft Visual Studio Solution File, Format Version 12.00
# Visual Studio Version 16
VisualStudioVersion = 16.0.28729.10
MinimumVisualStudioVersion = 10.0.40219.1
Project("{9A19103F-16F7-4668-BE54-9A1E7A4F7556}") = "Engine.Base", "Engine.Base\Engine.Base.csproj", "{183DFF77-D25F-4BF1-A2DB-CE13E476992D}"
EndProject
Project("{9A19103F-16F7-4668-BE54-9A1E7A4F7556}") = "Editor.WinForms", "Editor.WinForms\Editor.WinForms.csproj", "{31CBD2A4-1270-48C6-9012-2BB7872BB84C}"
EndProject
Project("{9A19103F-16F7-4668-BE54-9A1E7A4F7556}") = "Engine.File", "Engine.File\Engine.File.csproj", "{383CD8A6-76A1-454E-8914-34F472CCB043}"
EndProject
Project("{9A19103F-16F7-4668-BE54-9A1E7A4F7556}") = "Engine.Math", "Engine.Math\Engine.Math.csproj", "{175641A0-45DB-42D1-A697-5B48799B89E8}"
EndProject
Project("{9A19103F-16F7-4668-BE54-9A1E7A4F7556}") = "Engine.Calendar", "Engine.Calendar\Engine.Calendar.csproj", "{A6A2B62A-3B44-4992-B6C1-372BC390A4A9}"
EndProject
Project("{9A19103F-16F7-4668-BE54-9A1E7A4F7556}") = "Engine.Bitmap", "Engine.Bitmap\Engine.Bitmap.csproj", "{924190E6-C371-42EB-A432-88B042E37F72}"
EndProject
Project("{9A19103F-16F7-4668-BE54-9A1E7A4F7556}") = "Engine.Midi", "Engine.Midi\Engine.Midi.csproj", "{C5BA063A-E539-466E-826A-933B3FCF7D11}"
EndProject
Project("{9A19103F-16F7-4668-BE54-9A1E7A4F7556}") = "Engine.Geometry", "Engine.Geometry\Engine.Geometry.csproj", "{C5EE96A7-8F13-4088-B932-05F97D6C3315}"
EndProject
Project("{9A19103F-16F7-4668-BE54-9A1E7A4F7556}") = "Engine.Chroma", "Engine.Chroma\Engine.Chroma.csproj", "{9D9D99C0-5046-4A76-8DA2-8BFB57F10895}"
EndProject
Project("{9A19103F-16F7-4668-BE54-9A1E7A4F7556}") = "Engine.Dynamic", "Engine.Dynamic\Engine.Dynamic.csproj", "{E0690987-62B6-4057-A9AB-D65736CCA4C3}"
EndProject
Project("{9A19103F-16F7-4668-BE54-9A1E7A4F7556}") = "Engine.Physics", "Engine.Physics\Engine.Physics.csproj", "{C1A41C18-C2DE-43B2-B911-52A2F70A9AD3}"
EndProject
Project("{FAE04EC0-301F-11D3-BF4B-00C04F79EFBC}") = "Engine.Wav", "Engine.Wav\Engine.Wav.csproj", "{72FE8000-22C8-497A-A185-632FCD5DE6FD}"
EndProject
Project("{FAE04EC0-301F-11D3-BF4B-00C04F79EFBC}") = "Editor.WPF", "Editor.WPF\Editor.WPF.csproj", "{241EF315-19AE-4724-A937-BBD466D180A9}"
EndProject
Project("{FAE04EC0-301F-11D3-BF4B-00C04F79EFBC}") = "Engine.Localization", "Engine.Localization\Engine.Localization.csproj", "{4E04E380-DAAD-47D4-9AF4-7D21A91946C1}"
EndProject
Project("{FAE04EC0-301F-11D3-BF4B-00C04F79EFBC}") = "Engine.WinForms", "Engine.WinForms\Engine.WinForms.csproj", "{B8771AB2-340D-499B-B3E1-B2ACA93A0908}"
EndProject
Project("{FAE04EC0-301F-11D3-BF4B-00C04F79EFBC}") = "Engine.WPF", "Engine.WPF\Engine.WPF.csproj", "{11C45F7B-8327-45BF-9E2E-4D39DCCA7466}"
EndProject
Project("{FAE04EC0-301F-11D3-BF4B-00C04F79EFBC}") = "Engine.Tests", "Engine.Tests\Engine.Tests.csproj", "{13E6F4E1-DA3E-4269-9ABE-6F80218F28FB}"
EndProject
Global
	GlobalSection(SolutionConfigurationPlatforms) = preSolution
		Debug|Any CPU = Debug|Any CPU
		Release|Any CPU = Release|Any CPU
	EndGlobalSection
	GlobalSection(ProjectConfigurationPlatforms) = postSolution
		{183DFF77-D25F-4BF1-A2DB-CE13E476992D}.Debug|Any CPU.ActiveCfg = Debug|Any CPU
		{183DFF77-D25F-4BF1-A2DB-CE13E476992D}.Debug|Any CPU.Build.0 = Debug|Any CPU
		{183DFF77-D25F-4BF1-A2DB-CE13E476992D}.Release|Any CPU.ActiveCfg = Release|Any CPU
		{183DFF77-D25F-4BF1-A2DB-CE13E476992D}.Release|Any CPU.Build.0 = Release|Any CPU
		{31CBD2A4-1270-48C6-9012-2BB7872BB84C}.Debug|Any CPU.ActiveCfg = Debug|Any CPU
		{31CBD2A4-1270-48C6-9012-2BB7872BB84C}.Debug|Any CPU.Build.0 = Debug|Any CPU
		{31CBD2A4-1270-48C6-9012-2BB7872BB84C}.Release|Any CPU.ActiveCfg = Release|Any CPU
		{31CBD2A4-1270-48C6-9012-2BB7872BB84C}.Release|Any CPU.Build.0 = Release|Any CPU
		{383CD8A6-76A1-454E-8914-34F472CCB043}.Debug|Any CPU.ActiveCfg = Debug|Any CPU
		{383CD8A6-76A1-454E-8914-34F472CCB043}.Debug|Any CPU.Build.0 = Debug|Any CPU
		{383CD8A6-76A1-454E-8914-34F472CCB043}.Release|Any CPU.ActiveCfg = Release|Any CPU
		{383CD8A6-76A1-454E-8914-34F472CCB043}.Release|Any CPU.Build.0 = Release|Any CPU
		{175641A0-45DB-42D1-A697-5B48799B89E8}.Debug|Any CPU.ActiveCfg = Debug|Any CPU
		{175641A0-45DB-42D1-A697-5B48799B89E8}.Debug|Any CPU.Build.0 = Debug|Any CPU
		{175641A0-45DB-42D1-A697-5B48799B89E8}.Release|Any CPU.ActiveCfg = Release|Any CPU
		{175641A0-45DB-42D1-A697-5B48799B89E8}.Release|Any CPU.Build.0 = Release|Any CPU
		{A6A2B62A-3B44-4992-B6C1-372BC390A4A9}.Debug|Any CPU.ActiveCfg = Debug|Any CPU
		{A6A2B62A-3B44-4992-B6C1-372BC390A4A9}.Debug|Any CPU.Build.0 = Debug|Any CPU
		{A6A2B62A-3B44-4992-B6C1-372BC390A4A9}.Release|Any CPU.ActiveCfg = Release|Any CPU
		{A6A2B62A-3B44-4992-B6C1-372BC390A4A9}.Release|Any CPU.Build.0 = Release|Any CPU
		{924190E6-C371-42EB-A432-88B042E37F72}.Debug|Any CPU.ActiveCfg = Debug|Any CPU
		{924190E6-C371-42EB-A432-88B042E37F72}.Debug|Any CPU.Build.0 = Debug|Any CPU
		{924190E6-C371-42EB-A432-88B042E37F72}.Release|Any CPU.ActiveCfg = Release|Any CPU
		{924190E6-C371-42EB-A432-88B042E37F72}.Release|Any CPU.Build.0 = Release|Any CPU
		{C5BA063A-E539-466E-826A-933B3FCF7D11}.Debug|Any CPU.ActiveCfg = Debug|Any CPU
		{C5BA063A-E539-466E-826A-933B3FCF7D11}.Debug|Any CPU.Build.0 = Debug|Any CPU
		{C5BA063A-E539-466E-826A-933B3FCF7D11}.Release|Any CPU.ActiveCfg = Release|Any CPU
		{C5BA063A-E539-466E-826A-933B3FCF7D11}.Release|Any CPU.Build.0 = Release|Any CPU
		{C5EE96A7-8F13-4088-B932-05F97D6C3315}.Debug|Any CPU.ActiveCfg = Debug|Any CPU
		{C5EE96A7-8F13-4088-B932-05F97D6C3315}.Debug|Any CPU.Build.0 = Debug|Any CPU
		{C5EE96A7-8F13-4088-B932-05F97D6C3315}.Release|Any CPU.ActiveCfg = Release|Any CPU
		{C5EE96A7-8F13-4088-B932-05F97D6C3315}.Release|Any CPU.Build.0 = Release|Any CPU
		{9D9D99C0-5046-4A76-8DA2-8BFB57F10895}.Debug|Any CPU.ActiveCfg = Debug|Any CPU
		{9D9D99C0-5046-4A76-8DA2-8BFB57F10895}.Debug|Any CPU.Build.0 = Debug|Any CPU
		{9D9D99C0-5046-4A76-8DA2-8BFB57F10895}.Release|Any CPU.ActiveCfg = Release|Any CPU
		{9D9D99C0-5046-4A76-8DA2-8BFB57F10895}.Release|Any CPU.Build.0 = Release|Any CPU
		{E0690987-62B6-4057-A9AB-D65736CCA4C3}.Debug|Any CPU.ActiveCfg = Debug|Any CPU
		{E0690987-62B6-4057-A9AB-D65736CCA4C3}.Debug|Any CPU.Build.0 = Debug|Any CPU
		{E0690987-62B6-4057-A9AB-D65736CCA4C3}.Release|Any CPU.ActiveCfg = Release|Any CPU
		{E0690987-62B6-4057-A9AB-D65736CCA4C3}.Release|Any CPU.Build.0 = Release|Any CPU
		{C1A41C18-C2DE-43B2-B911-52A2F70A9AD3}.Debug|Any CPU.ActiveCfg = Debug|Any CPU
		{C1A41C18-C2DE-43B2-B911-52A2F70A9AD3}.Debug|Any CPU.Build.0 = Debug|Any CPU
		{C1A41C18-C2DE-43B2-B911-52A2F70A9AD3}.Release|Any CPU.ActiveCfg = Release|Any CPU
		{C1A41C18-C2DE-43B2-B911-52A2F70A9AD3}.Release|Any CPU.Build.0 = Release|Any CPU
		{72FE8000-22C8-497A-A185-632FCD5DE6FD}.Debug|Any CPU.ActiveCfg = Debug|Any CPU
		{72FE8000-22C8-497A-A185-632FCD5DE6FD}.Debug|Any CPU.Build.0 = Debug|Any CPU
		{72FE8000-22C8-497A-A185-632FCD5DE6FD}.Release|Any CPU.ActiveCfg = Release|Any CPU
		{72FE8000-22C8-497A-A185-632FCD5DE6FD}.Release|Any CPU.Build.0 = Release|Any CPU
		{241EF315-19AE-4724-A937-BBD466D180A9}.Debug|Any CPU.ActiveCfg = Debug|Any CPU
		{241EF315-19AE-4724-A937-BBD466D180A9}.Debug|Any CPU.Build.0 = Debug|Any CPU
		{241EF315-19AE-4724-A937-BBD466D180A9}.Release|Any CPU.ActiveCfg = Release|Any CPU
		{241EF315-19AE-4724-A937-BBD466D180A9}.Release|Any CPU.Build.0 = Release|Any CPU
		{4E04E380-DAAD-47D4-9AF4-7D21A91946C1}.Debug|Any CPU.ActiveCfg = Debug|Any CPU
		{4E04E380-DAAD-47D4-9AF4-7D21A91946C1}.Debug|Any CPU.Build.0 = Debug|Any CPU
		{4E04E380-DAAD-47D4-9AF4-7D21A91946C1}.Release|Any CPU.ActiveCfg = Release|Any CPU
		{4E04E380-DAAD-47D4-9AF4-7D21A91946C1}.Release|Any CPU.Build.0 = Release|Any CPU
		{B8771AB2-340D-499B-B3E1-B2ACA93A0908}.Debug|Any CPU.ActiveCfg = Debug|Any CPU
		{B8771AB2-340D-499B-B3E1-B2ACA93A0908}.Debug|Any CPU.Build.0 = Debug|Any CPU
		{B8771AB2-340D-499B-B3E1-B2ACA93A0908}.Release|Any CPU.ActiveCfg = Release|Any CPU
		{B8771AB2-340D-499B-B3E1-B2ACA93A0908}.Release|Any CPU.Build.0 = Release|Any CPU
		{11C45F7B-8327-45BF-9E2E-4D39DCCA7466}.Debug|Any CPU.ActiveCfg = Debug|Any CPU
		{11C45F7B-8327-45BF-9E2E-4D39DCCA7466}.Debug|Any CPU.Build.0 = Debug|Any CPU
		{11C45F7B-8327-45BF-9E2E-4D39DCCA7466}.Release|Any CPU.ActiveCfg = Release|Any CPU
		{11C45F7B-8327-45BF-9E2E-4D39DCCA7466}.Release|Any CPU.Build.0 = Release|Any CPU
		{13E6F4E1-DA3E-4269-9ABE-6F80218F28FB}.Debug|Any CPU.ActiveCfg = Debug|Any CPU
		{13E6F4E1-DA3E-4269-9ABE-6F80218F28FB}.Debug|Any CPU.Build.0 = Debug|Any CPU
		{13E6F4E1-DA3E-4269-9ABE-6F80218F28FB}.Release|Any CPU.ActiveCfg = Release|Any CPU
		{13E6F4E1-DA3E-4269-9ABE-6F80218F28FB}.Release|Any CPU.Build.0 = Release|Any CPU
	EndGlobalSection
	GlobalSection(SolutionProperties) = preSolution
		HideSolutionNode = FALSE
	EndGlobalSection
	GlobalSection(ExtensibilityGlobals) = postSolution
		SolutionGuid = {03C672AE-CD7C-4726-9F25-4B7EA9C04BE1}
	EndGlobalSection
EndGlobal
